// !$*UTF8*$!
{
	archiveVersion = 1;
	classes = {
	};
	objectVersion = 46;
	objects = {

/* Begin PBXBuildFile section */
		670B2C96104BC4AAAC53746B /* libPods-testbed_native_ios.a in Frameworks */ = {isa = PBXBuildFile; fileRef = AD34805037249BCBEA51DB6A /* libPods-testbed_native_ios.a */; };
		7B63775A1E831BF6009227D1 /* main.m in Sources */ = {isa = PBXBuildFile; fileRef = 7B6377591E831BF6009227D1 /* main.m */; };
		7B63775D1E831BF6009227D1 /* AppDelegate.m in Sources */ = {isa = PBXBuildFile; fileRef = 7B63775C1E831BF6009227D1 /* AppDelegate.m */; };
		7B6377601E831BF6009227D1 /* ViewController.m in Sources */ = {isa = PBXBuildFile; fileRef = 7B63775F1E831BF6009227D1 /* ViewController.m */; };
		7B6377631E831BF6009227D1 /* Main.storyboard in Resources */ = {isa = PBXBuildFile; fileRef = 7B6377611E831BF6009227D1 /* Main.storyboard */; };
		7B6377651E831BF6009227D1 /* Assets.xcassets in Resources */ = {isa = PBXBuildFile; fileRef = 7B6377641E831BF6009227D1 /* Assets.xcassets */; };
		7B6377681E831BF6009227D1 /* LaunchScreen.storyboard in Resources */ = {isa = PBXBuildFile; fileRef = 7B6377661E831BF6009227D1 /* LaunchScreen.storyboard */; };
		7BAA95171F57635B00C57B54 /* AdSupport.framework in Frameworks */ = {isa = PBXBuildFile; fileRef = 7BAA95161F57635B00C57B54 /* AdSupport.framework */; };
		7BAA95191F57636100C57B54 /* SafariServices.framework in Frameworks */ = {isa = PBXBuildFile; fileRef = 7BAA95181F57636100C57B54 /* SafariServices.framework */; };
		7BAA951B1F57638800C57B54 /* CoreSpotlight.framework in Frameworks */ = {isa = PBXBuildFile; fileRef = 7BAA951A1F57638800C57B54 /* CoreSpotlight.framework */; };
/* End PBXBuildFile section */

/* Begin PBXFileReference section */
		6BB1A7345A739859711A5A68 /* Pods-testbed_native_ios.test-debug.xcconfig */ = {isa = PBXFileReference; includeInIndex = 1; lastKnownFileType = text.xcconfig; name = "Pods-testbed_native_ios.test-debug.xcconfig"; path = "Pods/Target Support Files/Pods-testbed_native_ios/Pods-testbed_native_ios.test-debug.xcconfig"; sourceTree = "<group>"; };
		7B6377551E831BF6009227D1 /* testbed_native_ios.app */ = {isa = PBXFileReference; explicitFileType = wrapper.application; includeInIndex = 0; path = testbed_native_ios.app; sourceTree = BUILT_PRODUCTS_DIR; };
		7B6377591E831BF6009227D1 /* main.m */ = {isa = PBXFileReference; lastKnownFileType = sourcecode.c.objc; path = main.m; sourceTree = "<group>"; };
		7B63775B1E831BF6009227D1 /* AppDelegate.h */ = {isa = PBXFileReference; lastKnownFileType = sourcecode.c.h; path = AppDelegate.h; sourceTree = "<group>"; };
		7B63775C1E831BF6009227D1 /* AppDelegate.m */ = {isa = PBXFileReference; lastKnownFileType = sourcecode.c.objc; path = AppDelegate.m; sourceTree = "<group>"; };
		7B63775E1E831BF6009227D1 /* ViewController.h */ = {isa = PBXFileReference; lastKnownFileType = sourcecode.c.h; path = ViewController.h; sourceTree = "<group>"; };
		7B63775F1E831BF6009227D1 /* ViewController.m */ = {isa = PBXFileReference; lastKnownFileType = sourcecode.c.objc; path = ViewController.m; sourceTree = "<group>"; };
		7B6377621E831BF6009227D1 /* Base */ = {isa = PBXFileReference; lastKnownFileType = file.storyboard; name = Base; path = Base.lproj/Main.storyboard; sourceTree = "<group>"; };
		7B6377641E831BF6009227D1 /* Assets.xcassets */ = {isa = PBXFileReference; lastKnownFileType = folder.assetcatalog; path = Assets.xcassets; sourceTree = "<group>"; };
		7B6377671E831BF6009227D1 /* Base */ = {isa = PBXFileReference; lastKnownFileType = file.storyboard; name = Base; path = Base.lproj/LaunchScreen.storyboard; sourceTree = "<group>"; };
		7B6377691E831BF6009227D1 /* Info.plist */ = {isa = PBXFileReference; lastKnownFileType = text.plist.xml; path = Info.plist; sourceTree = "<group>"; };
		7B6377961E833F57009227D1 /* testbed_native_ios.entitlements */ = {isa = PBXFileReference; lastKnownFileType = text.plist.entitlements; path = testbed_native_ios.entitlements; sourceTree = "<group>"; };
		7BAA95161F57635B00C57B54 /* AdSupport.framework */ = {isa = PBXFileReference; lastKnownFileType = wrapper.framework; name = AdSupport.framework; path = System/Library/Frameworks/AdSupport.framework; sourceTree = SDKROOT; };
		7BAA95181F57636100C57B54 /* SafariServices.framework */ = {isa = PBXFileReference; lastKnownFileType = wrapper.framework; name = SafariServices.framework; path = System/Library/Frameworks/SafariServices.framework; sourceTree = SDKROOT; };
		7BAA951A1F57638800C57B54 /* CoreSpotlight.framework */ = {isa = PBXFileReference; lastKnownFileType = wrapper.framework; name = CoreSpotlight.framework; path = System/Library/Frameworks/CoreSpotlight.framework; sourceTree = SDKROOT; };
		8E214B899E1861D89268F2CE /* Pods-testbed_native_ios.debug.xcconfig */ = {isa = PBXFileReference; includeInIndex = 1; lastKnownFileType = text.xcconfig; name = "Pods-testbed_native_ios.debug.xcconfig"; path = "Pods/Target Support Files/Pods-testbed_native_ios/Pods-testbed_native_ios.debug.xcconfig"; sourceTree = "<group>"; };
		AD34805037249BCBEA51DB6A /* libPods-testbed_native_ios.a */ = {isa = PBXFileReference; explicitFileType = archive.ar; includeInIndex = 0; path = "libPods-testbed_native_ios.a"; sourceTree = BUILT_PRODUCTS_DIR; };
		F7AE53FD155ABDCFC1404DD7 /* Pods-testbed_native_ios.release.xcconfig */ = {isa = PBXFileReference; includeInIndex = 1; lastKnownFileType = text.xcconfig; name = "Pods-testbed_native_ios.release.xcconfig"; path = "Pods/Target Support Files/Pods-testbed_native_ios/Pods-testbed_native_ios.release.xcconfig"; sourceTree = "<group>"; };
		F99A1A40DDE2CAFD7DC1A23F /* Pods-testbed_native_ios.test-release.xcconfig */ = {isa = PBXFileReference; includeInIndex = 1; lastKnownFileType = text.xcconfig; name = "Pods-testbed_native_ios.test-release.xcconfig"; path = "Pods/Target Support Files/Pods-testbed_native_ios/Pods-testbed_native_ios.test-release.xcconfig"; sourceTree = "<group>"; };
/* End PBXFileReference section */

/* Begin PBXFrameworksBuildPhase section */
		7B6377521E831BF6009227D1 /* Frameworks */ = {
			isa = PBXFrameworksBuildPhase;
			buildActionMask = 2147483647;
			files = (
				7BAA951B1F57638800C57B54 /* CoreSpotlight.framework in Frameworks */,
				7BAA95191F57636100C57B54 /* SafariServices.framework in Frameworks */,
				7BAA95171F57635B00C57B54 /* AdSupport.framework in Frameworks */,
				670B2C96104BC4AAAC53746B /* libPods-testbed_native_ios.a in Frameworks */,
			);
			runOnlyForDeploymentPostprocessing = 0;
		};
/* End PBXFrameworksBuildPhase section */

/* Begin PBXGroup section */
		3ABC7CA1AECDC51B364F7312 /* Pods */ = {
			isa = PBXGroup;
			children = (
				8E214B899E1861D89268F2CE /* Pods-testbed_native_ios.debug.xcconfig */,
				F7AE53FD155ABDCFC1404DD7 /* Pods-testbed_native_ios.release.xcconfig */,
				6BB1A7345A739859711A5A68 /* Pods-testbed_native_ios.test-debug.xcconfig */,
				F99A1A40DDE2CAFD7DC1A23F /* Pods-testbed_native_ios.test-release.xcconfig */,
			);
			name = Pods;
			sourceTree = "<group>";
		};
		62D952F86D5117E8991C0B89 /* Frameworks */ = {
			isa = PBXGroup;
			children = (
				7BAA951A1F57638800C57B54 /* CoreSpotlight.framework */,
				7BAA95181F57636100C57B54 /* SafariServices.framework */,
				7BAA95161F57635B00C57B54 /* AdSupport.framework */,
				AD34805037249BCBEA51DB6A /* libPods-testbed_native_ios.a */,
			);
			name = Frameworks;
			sourceTree = "<group>";
		};
		7B63774C1E831BF6009227D1 = {
			isa = PBXGroup;
			children = (
				7B6377571E831BF6009227D1 /* testbed_native_ios */,
				7B6377561E831BF6009227D1 /* Products */,
				3ABC7CA1AECDC51B364F7312 /* Pods */,
				62D952F86D5117E8991C0B89 /* Frameworks */,
			);
			sourceTree = "<group>";
		};
		7B6377561E831BF6009227D1 /* Products */ = {
			isa = PBXGroup;
			children = (
				7B6377551E831BF6009227D1 /* testbed_native_ios.app */,
			);
			name = Products;
			sourceTree = "<group>";
		};
		7B6377571E831BF6009227D1 /* testbed_native_ios */ = {
			isa = PBXGroup;
			children = (
				7B6377961E833F57009227D1 /* testbed_native_ios.entitlements */,
				7B63775B1E831BF6009227D1 /* AppDelegate.h */,
				7B63775C1E831BF6009227D1 /* AppDelegate.m */,
				7B63775E1E831BF6009227D1 /* ViewController.h */,
				7B63775F1E831BF6009227D1 /* ViewController.m */,
				7B6377611E831BF6009227D1 /* Main.storyboard */,
				7B6377641E831BF6009227D1 /* Assets.xcassets */,
				7B6377661E831BF6009227D1 /* LaunchScreen.storyboard */,
				7B6377691E831BF6009227D1 /* Info.plist */,
				7B6377581E831BF6009227D1 /* Supporting Files */,
			);
			path = testbed_native_ios;
			sourceTree = "<group>";
		};
		7B6377581E831BF6009227D1 /* Supporting Files */ = {
			isa = PBXGroup;
			children = (
				7B6377591E831BF6009227D1 /* main.m */,
			);
			name = "Supporting Files";
			sourceTree = "<group>";
		};
/* End PBXGroup section */

/* Begin PBXNativeTarget section */
		7B6377541E831BF6009227D1 /* testbed_native_ios */ = {
			isa = PBXNativeTarget;
			buildConfigurationList = 7B63776C1E831BF6009227D1 /* Build configuration list for PBXNativeTarget "testbed_native_ios" */;
			buildPhases = (
				102A8B840B294107CFC27091 /* [CP] Check Pods Manifest.lock */,
				7BCFE45D1E8DF139009927C9 /* Start React Packager */,
				7B6377511E831BF6009227D1 /* Sources */,
				7B6377521E831BF6009227D1 /* Frameworks */,
				7B6377531E831BF6009227D1 /* Resources */,
				432D7FE72F818BEEA0AF688F /* [CP] Embed Pods Frameworks */,
				6EE8306372A9EE4CAC94AD78 /* [CP] Copy Pods Resources */,
				7B6377C71E834105009227D1 /* Bundle React Native code and images */,
			);
			buildRules = (
			);
			dependencies = (
			);
			name = testbed_native_ios;
			productName = testbed_native_ios;
			productReference = 7B6377551E831BF6009227D1 /* testbed_native_ios.app */;
			productType = "com.apple.product-type.application";
		};
/* End PBXNativeTarget section */

/* Begin PBXProject section */
		7B63774D1E831BF6009227D1 /* Project object */ = {
			isa = PBXProject;
			attributes = {
				LastUpgradeCheck = 0900;
				ORGANIZATIONNAME = "Branch Metrics";
				TargetAttributes = {
					7B6377541E831BF6009227D1 = {
						CreatedOnToolsVersion = 8.2.1;
						DevelopmentTeam = R63EM248DP;
						ProvisioningStyle = Automatic;
						SystemCapabilities = {
							com.apple.SafariKeychain = {
								enabled = 1;
							};
						};
					};
				};
			};
			buildConfigurationList = 7B6377501E831BF6009227D1 /* Build configuration list for PBXProject "testbed_native_ios" */;
			compatibilityVersion = "Xcode 3.2";
			developmentRegion = English;
			hasScannedForEncodings = 0;
			knownRegions = (
				en,
				Base,
			);
			mainGroup = 7B63774C1E831BF6009227D1;
			productRefGroup = 7B6377561E831BF6009227D1 /* Products */;
			projectDirPath = "";
			projectRoot = "";
			targets = (
				7B6377541E831BF6009227D1 /* testbed_native_ios */,
			);
		};
/* End PBXProject section */

/* Begin PBXResourcesBuildPhase section */
		7B6377531E831BF6009227D1 /* Resources */ = {
			isa = PBXResourcesBuildPhase;
			buildActionMask = 2147483647;
			files = (
				7B6377681E831BF6009227D1 /* LaunchScreen.storyboard in Resources */,
				7B6377651E831BF6009227D1 /* Assets.xcassets in Resources */,
				7B6377631E831BF6009227D1 /* Main.storyboard in Resources */,
			);
			runOnlyForDeploymentPostprocessing = 0;
		};
/* End PBXResourcesBuildPhase section */

/* Begin PBXShellScriptBuildPhase section */
		102A8B840B294107CFC27091 /* [CP] Check Pods Manifest.lock */ = {
			isa = PBXShellScriptBuildPhase;
			buildActionMask = 2147483647;
			files = (
			);
			inputPaths = (
				"${PODS_PODFILE_DIR_PATH}/Podfile.lock",
				"${PODS_ROOT}/Manifest.lock",
			);
			name = "[CP] Check Pods Manifest.lock";
			outputPaths = (
				"$(DERIVED_FILE_DIR)/Pods-testbed_native_ios-checkManifestLockResult.txt",
			);
			runOnlyForDeploymentPostprocessing = 0;
			shellPath = /bin/sh;
			shellScript = "diff \"${PODS_PODFILE_DIR_PATH}/Podfile.lock\" \"${PODS_ROOT}/Manifest.lock\" > /dev/null\nif [ $? != 0 ] ; then\n    # print error to STDERR\n    echo \"error: The sandbox is not in sync with the Podfile.lock. Run 'pod install' or update your CocoaPods installation.\" >&2\n    exit 1\nfi\n# This output is used by Xcode 'outputs' to avoid re-running this script phase.\necho \"SUCCESS\" > \"${SCRIPT_OUTPUT_FILE_0}\"\n";
			showEnvVarsInLog = 0;
		};
		432D7FE72F818BEEA0AF688F /* [CP] Embed Pods Frameworks */ = {
			isa = PBXShellScriptBuildPhase;
			buildActionMask = 2147483647;
			files = (
			);
			inputPaths = (
			);
			name = "[CP] Embed Pods Frameworks";
			outputPaths = (
			);
			runOnlyForDeploymentPostprocessing = 0;
			shellPath = /bin/sh;
			shellScript = "\"${SRCROOT}/Pods/Target Support Files/Pods-testbed_native_ios/Pods-testbed_native_ios-frameworks.sh\"\n";
			showEnvVarsInLog = 0;
		};
		6EE8306372A9EE4CAC94AD78 /* [CP] Copy Pods Resources */ = {
			isa = PBXShellScriptBuildPhase;
			buildActionMask = 2147483647;
			files = (
			);
			inputPaths = (
			);
			name = "[CP] Copy Pods Resources";
			outputPaths = (
			);
			runOnlyForDeploymentPostprocessing = 0;
			shellPath = /bin/sh;
			shellScript = "\"${SRCROOT}/Pods/Target Support Files/Pods-testbed_native_ios/Pods-testbed_native_ios-resources.sh\"\n";
			showEnvVarsInLog = 0;
		};
		7B6377C71E834105009227D1 /* Bundle React Native code and images */ = {
			isa = PBXShellScriptBuildPhase;
			buildActionMask = 2147483647;
			files = (
			);
			inputPaths = (
			);
			name = "Bundle React Native code and images";
			outputPaths = (
			);
			runOnlyForDeploymentPostprocessing = 0;
			shellPath = /bin/sh;
			shellScript = "export NODE_BINARY=node\nnode_modules/react-native/packager/react-native-xcode.sh";
		};
		7BCFE45D1E8DF139009927C9 /* Start React Packager */ = {
			isa = PBXShellScriptBuildPhase;
			buildActionMask = 2147483647;
			files = (
			);
			inputPaths = (
			);
			name = "Start React Packager";
			outputPaths = (
			);
			runOnlyForDeploymentPostprocessing = 0;
			shellPath = /bin/sh;
			shellScript = "if [ -z \"${RCT_NO_LAUNCH_PACKAGER+xxx}\" ] ; then\nif nc -w 5 -z localhost 8081 ; then\nif ! curl -s \"http://localhost:8081/status\" | grep -q \"packager-status:running\" ; then\necho \"Port 8081 already in use, packager is either not running or not running correctly\"\nexit 2\nfi\nelse\nopen \"$SRCROOT/node_modules/react-native/packager/launchPackager.command\" || echo \"Can't start packager automatically\"\nfi\nfi";
			showEnvVarsInLog = 0;
		};
/* End PBXShellScriptBuildPhase section */

/* Begin PBXSourcesBuildPhase section */
		7B6377511E831BF6009227D1 /* Sources */ = {
			isa = PBXSourcesBuildPhase;
			buildActionMask = 2147483647;
			files = (
				7B6377601E831BF6009227D1 /* ViewController.m in Sources */,
				7B63775D1E831BF6009227D1 /* AppDelegate.m in Sources */,
				7B63775A1E831BF6009227D1 /* main.m in Sources */,
			);
			runOnlyForDeploymentPostprocessing = 0;
		};
/* End PBXSourcesBuildPhase section */

/* Begin PBXVariantGroup section */
		7B6377611E831BF6009227D1 /* Main.storyboard */ = {
			isa = PBXVariantGroup;
			children = (
				7B6377621E831BF6009227D1 /* Base */,
			);
			name = Main.storyboard;
			sourceTree = "<group>";
		};
		7B6377661E831BF6009227D1 /* LaunchScreen.storyboard */ = {
			isa = PBXVariantGroup;
			children = (
				7B6377671E831BF6009227D1 /* Base */,
			);
			name = LaunchScreen.storyboard;
			sourceTree = "<group>";
		};
/* End PBXVariantGroup section */

/* Begin XCBuildConfiguration section */
		7B4BBA361EA5162A00D37EED /* Test-Release */ = {
			isa = XCBuildConfiguration;
			buildSettings = {
				ALWAYS_SEARCH_USER_PATHS = NO;
				CLANG_ANALYZER_NONNULL = YES;
				CLANG_CXX_LANGUAGE_STANDARD = "gnu++0x";
				CLANG_CXX_LIBRARY = "libc++";
				CLANG_ENABLE_MODULES = YES;
				CLANG_ENABLE_OBJC_ARC = YES;
				CLANG_WARN_BLOCK_CAPTURE_AUTORELEASING = YES;
				CLANG_WARN_BOOL_CONVERSION = YES;
				CLANG_WARN_COMMA = YES;
				CLANG_WARN_CONSTANT_CONVERSION = YES;
				CLANG_WARN_DIRECT_OBJC_ISA_USAGE = YES_ERROR;
				CLANG_WARN_DOCUMENTATION_COMMENTS = YES;
				CLANG_WARN_EMPTY_BODY = YES;
				CLANG_WARN_ENUM_CONVERSION = YES;
				CLANG_WARN_INFINITE_RECURSION = YES;
				CLANG_WARN_INT_CONVERSION = YES;
				CLANG_WARN_NON_LITERAL_NULL_CONVERSION = YES;
				CLANG_WARN_OBJC_LITERAL_CONVERSION = YES;
				CLANG_WARN_OBJC_ROOT_CLASS = YES_ERROR;
				CLANG_WARN_RANGE_LOOP_ANALYSIS = YES;
				CLANG_WARN_STRICT_PROTOTYPES = YES;
				CLANG_WARN_SUSPICIOUS_MOVE = YES;
				CLANG_WARN_UNREACHABLE_CODE = YES;
				CLANG_WARN__DUPLICATE_METHOD_MATCH = YES;
				"CODE_SIGN_IDENTITY[sdk=iphoneos*]" = "iPhone Developer";
				COPY_PHASE_STRIP = NO;
				DEBUG_INFORMATION_FORMAT = "dwarf-with-dsym";
				ENABLE_NS_ASSERTIONS = NO;
				ENABLE_STRICT_OBJC_MSGSEND = YES;
				GCC_C_LANGUAGE_STANDARD = gnu99;
				GCC_NO_COMMON_BLOCKS = YES;
				GCC_PREPROCESSOR_DEFINITIONS = "USE_BRANCH_TEST_INSTANCE=1";
				GCC_WARN_64_TO_32_BIT_CONVERSION = YES;
				GCC_WARN_ABOUT_RETURN_TYPE = YES_ERROR;
				GCC_WARN_UNDECLARED_SELECTOR = YES;
				GCC_WARN_UNINITIALIZED_AUTOS = YES_AGGRESSIVE;
				GCC_WARN_UNUSED_FUNCTION = YES;
				GCC_WARN_UNUSED_VARIABLE = YES;
				IPHONEOS_DEPLOYMENT_TARGET = 10.2;
				MTL_ENABLE_DEBUG_INFO = NO;
				SDKROOT = iphoneos;
				TARGETED_DEVICE_FAMILY = "1,2";
				VALIDATE_PRODUCT = YES;
			};
			name = "Test-Release";
		};
		7B4BBA371EA5162A00D37EED /* Test-Release */ = {
			isa = XCBuildConfiguration;
			baseConfigurationReference = F99A1A40DDE2CAFD7DC1A23F /* Pods-testbed_native_ios.test-release.xcconfig */;
			buildSettings = {
				ASSETCATALOG_COMPILER_APPICON_NAME = AppIcon;
				CODE_SIGN_ENTITLEMENTS = testbed_native_ios/testbed_native_ios.entitlements;
				DEBUG_ACTIVITY_MODE = "";
				DEVELOPMENT_TEAM = R63EM248DP;
				INFOPLIST_FILE = testbed_native_ios/Info.plist;
				LD_RUNPATH_SEARCH_PATHS = "$(inherited) @executable_path/Frameworks";
				PRODUCT_BUNDLE_IDENTIFIER = "io.branch.react.testbed-native-ios";
				PRODUCT_NAME = "$(TARGET_NAME)";
			};
			name = "Test-Release";
		};
		7B4BBA381EA5163700D37EED /* Test-Debug */ = {
			isa = XCBuildConfiguration;
			buildSettings = {
				ALWAYS_SEARCH_USER_PATHS = NO;
				CLANG_ANALYZER_NONNULL = YES;
				CLANG_CXX_LANGUAGE_STANDARD = "gnu++0x";
				CLANG_CXX_LIBRARY = "libc++";
				CLANG_ENABLE_MODULES = YES;
				CLANG_ENABLE_OBJC_ARC = YES;
				CLANG_WARN_BLOCK_CAPTURE_AUTORELEASING = YES;
				CLANG_WARN_BOOL_CONVERSION = YES;
				CLANG_WARN_COMMA = YES;
				CLANG_WARN_CONSTANT_CONVERSION = YES;
				CLANG_WARN_DIRECT_OBJC_ISA_USAGE = YES_ERROR;
				CLANG_WARN_DOCUMENTATION_COMMENTS = YES;
				CLANG_WARN_EMPTY_BODY = YES;
				CLANG_WARN_ENUM_CONVERSION = YES;
				CLANG_WARN_INFINITE_RECURSION = YES;
				CLANG_WARN_INT_CONVERSION = YES;
				CLANG_WARN_NON_LITERAL_NULL_CONVERSION = YES;
				CLANG_WARN_OBJC_LITERAL_CONVERSION = YES;
				CLANG_WARN_OBJC_ROOT_CLASS = YES_ERROR;
				CLANG_WARN_RANGE_LOOP_ANALYSIS = YES;
				CLANG_WARN_STRICT_PROTOTYPES = YES;
				CLANG_WARN_SUSPICIOUS_MOVE = YES;
				CLANG_WARN_UNREACHABLE_CODE = YES;
				CLANG_WARN__DUPLICATE_METHOD_MATCH = YES;
				"CODE_SIGN_IDENTITY[sdk=iphoneos*]" = "iPhone Developer";
				COPY_PHASE_STRIP = NO;
				DEBUG_INFORMATION_FORMAT = dwarf;
				ENABLE_STRICT_OBJC_MSGSEND = YES;
				ENABLE_TESTABILITY = YES;
				GCC_C_LANGUAGE_STANDARD = gnu99;
				GCC_DYNAMIC_NO_PIC = NO;
				GCC_NO_COMMON_BLOCKS = YES;
				GCC_OPTIMIZATION_LEVEL = 0;
				GCC_PREPROCESSOR_DEFINITIONS = (
					"DEBUG=1",
					"USE_BRANCH_TEST_INSTANCE=1",
					"$(inherited)",
				);
				GCC_WARN_64_TO_32_BIT_CONVERSION = YES;
				GCC_WARN_ABOUT_RETURN_TYPE = YES_ERROR;
				GCC_WARN_UNDECLARED_SELECTOR = YES;
				GCC_WARN_UNINITIALIZED_AUTOS = YES_AGGRESSIVE;
				GCC_WARN_UNUSED_FUNCTION = YES;
				GCC_WARN_UNUSED_VARIABLE = YES;
				IPHONEOS_DEPLOYMENT_TARGET = 10.2;
				MTL_ENABLE_DEBUG_INFO = YES;
				ONLY_ACTIVE_ARCH = YES;
				SDKROOT = iphoneos;
				TARGETED_DEVICE_FAMILY = "1,2";
			};
			name = "Test-Debug";
		};
		7B4BBA391EA5163700D37EED /* Test-Debug */ = {
			isa = XCBuildConfiguration;
			baseConfigurationReference = 6BB1A7345A739859711A5A68 /* Pods-testbed_native_ios.test-debug.xcconfig */;
			buildSettings = {
				ASSETCATALOG_COMPILER_APPICON_NAME = AppIcon;
				CODE_SIGN_ENTITLEMENTS = testbed_native_ios/testbed_native_ios.entitlements;
				DEBUG_ACTIVITY_MODE = "";
				"DEBUG_ACTIVITY_MODE[sdk=iphoneos*]" = disable;
				"DEBUG_ACTIVITY_MODE[sdk=iphonesimulator*]" = disable;
				DEVELOPMENT_TEAM = R63EM248DP;
				INFOPLIST_FILE = testbed_native_ios/Info.plist;
				LD_RUNPATH_SEARCH_PATHS = "$(inherited) @executable_path/Frameworks";
				PRODUCT_BUNDLE_IDENTIFIER = "io.branch.react.testbed-native-ios";
				PRODUCT_NAME = "$(TARGET_NAME)";
			};
			name = "Test-Debug";
		};
		7B63776A1E831BF6009227D1 /* Debug */ = {
			isa = XCBuildConfiguration;
			buildSettings = {
				ALWAYS_SEARCH_USER_PATHS = NO;
				CLANG_ANALYZER_NONNULL = YES;
				CLANG_CXX_LANGUAGE_STANDARD = "gnu++0x";
				CLANG_CXX_LIBRARY = "libc++";
				CLANG_ENABLE_MODULES = YES;
				CLANG_ENABLE_OBJC_ARC = YES;
				CLANG_WARN_BLOCK_CAPTURE_AUTORELEASING = YES;
				CLANG_WARN_BOOL_CONVERSION = YES;
				CLANG_WARN_COMMA = YES;
				CLANG_WARN_CONSTANT_CONVERSION = YES;
				CLANG_WARN_DIRECT_OBJC_ISA_USAGE = YES_ERROR;
				CLANG_WARN_DOCUMENTATION_COMMENTS = YES;
				CLANG_WARN_EMPTY_BODY = YES;
				CLANG_WARN_ENUM_CONVERSION = YES;
				CLANG_WARN_INFINITE_RECURSION = YES;
				CLANG_WARN_INT_CONVERSION = YES;
				CLANG_WARN_NON_LITERAL_NULL_CONVERSION = YES;
				CLANG_WARN_OBJC_LITERAL_CONVERSION = YES;
				CLANG_WARN_OBJC_ROOT_CLASS = YES_ERROR;
				CLANG_WARN_RANGE_LOOP_ANALYSIS = YES;
				CLANG_WARN_STRICT_PROTOTYPES = YES;
				CLANG_WARN_SUSPICIOUS_MOVE = YES;
				CLANG_WARN_UNREACHABLE_CODE = YES;
				CLANG_WARN__DUPLICATE_METHOD_MATCH = YES;
				"CODE_SIGN_IDENTITY[sdk=iphoneos*]" = "iPhone Developer";
				COPY_PHASE_STRIP = NO;
				DEBUG_INFORMATION_FORMAT = dwarf;
				ENABLE_STRICT_OBJC_MSGSEND = YES;
				ENABLE_TESTABILITY = YES;
				GCC_C_LANGUAGE_STANDARD = gnu99;
				GCC_DYNAMIC_NO_PIC = NO;
				GCC_NO_COMMON_BLOCKS = YES;
				GCC_OPTIMIZATION_LEVEL = 0;
				GCC_PREPROCESSOR_DEFINITIONS = (
					"DEBUG=1",
					"$(inherited)",
				);
				GCC_WARN_64_TO_32_BIT_CONVERSION = YES;
				GCC_WARN_ABOUT_RETURN_TYPE = YES_ERROR;
				GCC_WARN_UNDECLARED_SELECTOR = YES;
				GCC_WARN_UNINITIALIZED_AUTOS = YES_AGGRESSIVE;
				GCC_WARN_UNUSED_FUNCTION = YES;
				GCC_WARN_UNUSED_VARIABLE = YES;
				IPHONEOS_DEPLOYMENT_TARGET = 10.2;
				MTL_ENABLE_DEBUG_INFO = YES;
				ONLY_ACTIVE_ARCH = YES;
				SDKROOT = iphoneos;
				TARGETED_DEVICE_FAMILY = "1,2";
			};
			name = Debug;
		};
		7B63776B1E831BF6009227D1 /* Release */ = {
			isa = XCBuildConfiguration;
			buildSettings = {
				ALWAYS_SEARCH_USER_PATHS = NO;
				CLANG_ANALYZER_NONNULL = YES;
				CLANG_CXX_LANGUAGE_STANDARD = "gnu++0x";
				CLANG_CXX_LIBRARY = "libc++";
				CLANG_ENABLE_MODULES = YES;
				CLANG_ENABLE_OBJC_ARC = YES;
				CLANG_WARN_BLOCK_CAPTURE_AUTORELEASING = YES;
				CLANG_WARN_BOOL_CONVERSION = YES;
				CLANG_WARN_COMMA = YES;
				CLANG_WARN_CONSTANT_CONVERSION = YES;
				CLANG_WARN_DIRECT_OBJC_ISA_USAGE = YES_ERROR;
				CLANG_WARN_DOCUMENTATION_COMMENTS = YES;
				CLANG_WARN_EMPTY_BODY = YES;
				CLANG_WARN_ENUM_CONVERSION = YES;
				CLANG_WARN_INFINITE_RECURSION = YES;
				CLANG_WARN_INT_CONVERSION = YES;
				CLANG_WARN_NON_LITERAL_NULL_CONVERSION = YES;
				CLANG_WARN_OBJC_LITERAL_CONVERSION = YES;
				CLANG_WARN_OBJC_ROOT_CLASS = YES_ERROR;
				CLANG_WARN_RANGE_LOOP_ANALYSIS = YES;
				CLANG_WARN_STRICT_PROTOTYPES = YES;
				CLANG_WARN_SUSPICIOUS_MOVE = YES;
				CLANG_WARN_UNREACHABLE_CODE = YES;
				CLANG_WARN__DUPLICATE_METHOD_MATCH = YES;
				"CODE_SIGN_IDENTITY[sdk=iphoneos*]" = "iPhone Developer";
				COPY_PHASE_STRIP = NO;
				DEBUG_INFORMATION_FORMAT = "dwarf-with-dsym";
				ENABLE_NS_ASSERTIONS = NO;
				ENABLE_STRICT_OBJC_MSGSEND = YES;
				GCC_C_LANGUAGE_STANDARD = gnu99;
				GCC_NO_COMMON_BLOCKS = YES;
				GCC_WARN_64_TO_32_BIT_CONVERSION = YES;
				GCC_WARN_ABOUT_RETURN_TYPE = YES_ERROR;
				GCC_WARN_UNDECLARED_SELECTOR = YES;
				GCC_WARN_UNINITIALIZED_AUTOS = YES_AGGRESSIVE;
				GCC_WARN_UNUSED_FUNCTION = YES;
				GCC_WARN_UNUSED_VARIABLE = YES;
				IPHONEOS_DEPLOYMENT_TARGET = 10.2;
				MTL_ENABLE_DEBUG_INFO = NO;
				SDKROOT = iphoneos;
				TARGETED_DEVICE_FAMILY = "1,2";
				VALIDATE_PRODUCT = YES;
			};
			name = Release;
		};
		7B63776D1E831BF6009227D1 /* Debug */ = {
			isa = XCBuildConfiguration;
			baseConfigurationReference = 8E214B899E1861D89268F2CE /* Pods-testbed_native_ios.debug.xcconfig */;
			buildSettings = {
				ASSETCATALOG_COMPILER_APPICON_NAME = AppIcon;
				CODE_SIGN_ENTITLEMENTS = testbed_native_ios/testbed_native_ios.entitlements;
				DEBUG_ACTIVITY_MODE = "";
				"DEBUG_ACTIVITY_MODE[sdk=iphoneos*]" = disable;
				"DEBUG_ACTIVITY_MODE[sdk=iphonesimulator*]" = disable;
				DEVELOPMENT_TEAM = R63EM248DP;
				INFOPLIST_FILE = testbed_native_ios/Info.plist;
				LD_RUNPATH_SEARCH_PATHS = "$(inherited) @executable_path/Frameworks";
				PRODUCT_BUNDLE_IDENTIFIER = "io.branch.react.testbed-native-ios";
				PRODUCT_NAME = "$(TARGET_NAME)";
			};
			name = Debug;
		};
		7B63776E1E831BF6009227D1 /* Release */ = {
			isa = XCBuildConfiguration;
			baseConfigurationReference = F7AE53FD155ABDCFC1404DD7 /* Pods-testbed_native_ios.release.xcconfig */;
			buildSettings = {
				ASSETCATALOG_COMPILER_APPICON_NAME = AppIcon;
				CODE_SIGN_ENTITLEMENTS = testbed_native_ios/testbed_native_ios.entitlements;
				DEBUG_ACTIVITY_MODE = "";
				DEVELOPMENT_TEAM = R63EM248DP;
				INFOPLIST_FILE = testbed_native_ios/Info.plist;
				LD_RUNPATH_SEARCH_PATHS = "$(inherited) @executable_path/Frameworks";
				PRODUCT_BUNDLE_IDENTIFIER = "io.branch.react.testbed-native-ios";
				PRODUCT_NAME = "$(TARGET_NAME)";
			};
			name = Release;
		};
/* End XCBuildConfiguration section */

/* Begin XCConfigurationList section */
		7B6377501E831BF6009227D1 /* Build configuration list for PBXProject "testbed_native_ios" */ = {
			isa = XCConfigurationList;
			buildConfigurations = (
				7B63776A1E831BF6009227D1 /* Debug */,
				7B4BBA381EA5163700D37EED /* Test-Debug */,
				7B63776B1E831BF6009227D1 /* Release */,
				7B4BBA361EA5162A00D37EED /* Test-Release */,
			);
			defaultConfigurationIsVisible = 0;
			defaultConfigurationName = Release;
		};
		7B63776C1E831BF6009227D1 /* Build configuration list for PBXNativeTarget "testbed_native_ios" */ = {
			isa = XCConfigurationList;
			buildConfigurations = (
				7B63776D1E831BF6009227D1 /* Debug */,
				7B4BBA391EA5163700D37EED /* Test-Debug */,
				7B63776E1E831BF6009227D1 /* Release */,
				7B4BBA371EA5162A00D37EED /* Test-Release */,
			);
			defaultConfigurationIsVisible = 0;
			defaultConfigurationName = Release;
		};
/* End XCConfigurationList section */
	};
	rootObject = 7B63774D1E831BF6009227D1 /* Project object */;
}
