PODS:
  - Branch (0.13.5):
    - Branch/Core (= 0.13.5)
    - Branch/without-IDFA (= 0.13.5)
  - Branch/Core (0.13.5)
  - Branch/without-IDFA (0.13.5)

DEPENDENCIES:
  - Branch

SPEC CHECKSUMS:
  Branch: '08e40d84f20b188443fd808fe01dadcc13d1727e'

PODFILE CHECKSUM: b69eec636007c4684caa2798e428d70c01a60aa9

COCOAPODS: 1.2.0
