// !$*UTF8*$!
{
	archiveVersion = 1;
	classes = {
	};
	objectVersion = 46;
	objects = {

/* Begin PBXBuildFile section */
		03D08CD0D044AF0271C87352 /* BNCServerResponse.h in Copy Branch SDK Headers */ = {isa = PBXBuildFile; fileRef = 8BE6962C82B84884F8F0B126 /* BNCServerResponse.h */; };
		05075D43702449B32E399728 /* BranchInstallRequest.h in Copy Branch SDK Headers */ = {isa = PBXBuildFile; fileRef = 082CCDE40A953D0175530A0B /* BranchInstallRequest.h */; };
		1CE6685A30EC0E1FFEBE8BF9 /* BranchLoadRewardsRequest.h in Copy Branch SDK Headers */ = {isa = PBXBuildFile; fileRef = 2D7E6BBD6F320CBF38F21218 /* BranchLoadRewardsRequest.h */; };
		22C34CB9F882D68A9FE1DA3C /* BranchSetIdentityRequest.m in Sources */ = {isa = PBXBuildFile; fileRef = B6D691AD3C7F631350B0A7B6 /* BranchSetIdentityRequest.m */; };
		2413489DE85D96934549474A /* BranchLogoutRequest.m in Sources */ = {isa = PBXBuildFile; fileRef = DEBEB0C4602A12EB3E8F5304 /* BranchLogoutRequest.m */; };
		2783CDF16BB4DB976EE8189E /* BranchLoadRewardsRequest.m in Sources */ = {isa = PBXBuildFile; fileRef = 9AA0AA9072FF28FEC39DDB41 /* BranchLoadRewardsRequest.m */; };
		27A1F247A3F9C5784A252F96 /* BNCCrashlyticsWrapper.h in Copy Branch SDK Headers */ = {isa = PBXBuildFile; fileRef = C5F70DEF92065B4993E18190 /* BNCCrashlyticsWrapper.h */; };
		3EB9DCE29AE844786EC9E14C /* BNCServerResponse.m in Sources */ = {isa = PBXBuildFile; fileRef = F047536A43B15B620659B02A /* BNCServerResponse.m */; };
		5646D2235658F9A87E827F95 /* BranchOpenRequest.h in Copy Branch SDK Headers */ = {isa = PBXBuildFile; fileRef = 0BE9B2664DA96132DA1D6D21 /* BranchOpenRequest.h */; };
		57BA13ABE54837DAB2794385 /* BranchUserCompletedActionRequest.h in Copy Branch SDK Headers */ = {isa = PBXBuildFile; fileRef = 7BD0D7C838E555E1DABF8502 /* BranchUserCompletedActionRequest.h */; };
		60C6E3B7A0D2F11029791A2C /* BNCServerRequestQueue.h in Copy Branch SDK Headers */ = {isa = PBXBuildFile; fileRef = 17526702BE450C84362FA0F3 /* BNCServerRequestQueue.h */; };
		638524852F3AD104FF1A0591 /* BranchCloseRequest.h in Copy Branch SDK Headers */ = {isa = PBXBuildFile; fileRef = 80A936988D6C6FB7EAA33750 /* BranchCloseRequest.h */; };
		65BAC903443C891C0A8BA6E2 /* BNCNetworkService.h in Copy Branch SDK Headers */ = {isa = PBXBuildFile; fileRef = 6B2AF911D2669F508E47D44C /* BNCNetworkService.h */; };
		6C3CD29A1BD2418DBF70776B /* BranchShortUrlRequest.m in Sources */ = {isa = PBXBuildFile; fileRef = 27905544BFBA28CE4C50FAA6 /* BranchShortUrlRequest.m */; };
		6DB2DB69FC3F7C45D2EA72D6 /* BNCNetworkServiceProtocol.h in Copy Branch SDK Headers */ = {isa = PBXBuildFile; fileRef = 9F11FABC7D0ED8DB062272A6 /* BNCNetworkServiceProtocol.h */; };
		741175F9A351599744365654 /* BNCLocalization.h in Copy Branch SDK Headers */ = {isa = PBXBuildFile; fileRef = DE28485128AE757C83CDBDF2 /* BNCLocalization.h */; };
		7B1CBF301EE8B4C6002E5D0D /* RNBranchConfig.h in Headers */ = {isa = PBXBuildFile; fileRef = 7B1CBF2E1EE8B4C6002E5D0D /* RNBranchConfig.h */; };
		7B1CBF311EE8B4C6002E5D0D /* RNBranchConfig.m in Sources */ = {isa = PBXBuildFile; fileRef = 7B1CBF2F1EE8B4C6002E5D0D /* RNBranchConfig.m */; };
		7B1D33561E410DD200755B98 /* BranchLinkProperties+RNBranch.h in Headers */ = {isa = PBXBuildFile; fileRef = 7B1D334E1E410DD200755B98 /* BranchLinkProperties+RNBranch.h */; };
		7B1D33571E410DD200755B98 /* BranchLinkProperties+RNBranch.m in Sources */ = {isa = PBXBuildFile; fileRef = 7B1D334F1E410DD200755B98 /* BranchLinkProperties+RNBranch.m */; };
		7B1D33581E410DD200755B98 /* BranchUniversalObject+RNBranch.h in Headers */ = {isa = PBXBuildFile; fileRef = 7B1D33501E410DD200755B98 /* BranchUniversalObject+RNBranch.h */; };
		7B1D33591E410DD200755B98 /* BranchUniversalObject+RNBranch.m in Sources */ = {isa = PBXBuildFile; fileRef = 7B1D33511E410DD200755B98 /* BranchUniversalObject+RNBranch.m */; };
		7B1D335A1E410DD200755B98 /* NSObject+RNBranch.h in Headers */ = {isa = PBXBuildFile; fileRef = 7B1D33521E410DD200755B98 /* NSObject+RNBranch.h */; };
		7B1D335B1E410DD200755B98 /* NSObject+RNBranch.m in Sources */ = {isa = PBXBuildFile; fileRef = 7B1D33531E410DD200755B98 /* NSObject+RNBranch.m */; };
		7B1D335C1E410DD200755B98 /* RNBranchProperty.h in Headers */ = {isa = PBXBuildFile; fileRef = 7B1D33541E410DD200755B98 /* RNBranchProperty.h */; };
		7B1D335D1E410DD300755B98 /* RNBranchProperty.m in Sources */ = {isa = PBXBuildFile; fileRef = 7B1D33551E410DD200755B98 /* RNBranchProperty.m */; };
		7B22C6361F34D884001F4C18 /* BNCDeepLinkViewControllerInstance.h in Headers */ = {isa = PBXBuildFile; fileRef = 7B22C6161F34D883001F4C18 /* BNCDeepLinkViewControllerInstance.h */; };
		7B22C6371F34D884001F4C18 /* BNCDeepLinkViewControllerInstance.m in Sources */ = {isa = PBXBuildFile; fileRef = 7B22C6171F34D884001F4C18 /* BNCDeepLinkViewControllerInstance.m */; };
		7B22C6381F34D884001F4C18 /* BNCServerRequest.h in Headers */ = {isa = PBXBuildFile; fileRef = 7B22C6191F34D884001F4C18 /* BNCServerRequest.h */; };
		7B22C63A1F34D884001F4C18 /* BranchCloseRequest.h in Headers */ = {isa = PBXBuildFile; fileRef = 7B22C61B1F34D884001F4C18 /* BranchCloseRequest.h */; };
		7B22C63C1F34D884001F4C18 /* BranchCreditHistoryRequest.h in Headers */ = {isa = PBXBuildFile; fileRef = 7B22C61D1F34D884001F4C18 /* BranchCreditHistoryRequest.h */; };
		7B22C63E1F34D884001F4C18 /* BranchInstallRequest.h in Headers */ = {isa = PBXBuildFile; fileRef = 7B22C61F1F34D884001F4C18 /* BranchInstallRequest.h */; };
		7B22C6401F34D884001F4C18 /* BranchLoadRewardsRequest.h in Headers */ = {isa = PBXBuildFile; fileRef = 7B22C6211F34D884001F4C18 /* BranchLoadRewardsRequest.h */; };
		7B22C6421F34D884001F4C18 /* BranchLogoutRequest.h in Headers */ = {isa = PBXBuildFile; fileRef = 7B22C6231F34D884001F4C18 /* BranchLogoutRequest.h */; };
		7B22C6441F34D884001F4C18 /* BranchOpenRequest.h in Headers */ = {isa = PBXBuildFile; fileRef = 7B22C6251F34D884001F4C18 /* BranchOpenRequest.h */; };
		7B22C6461F34D884001F4C18 /* BranchRedeemRewardsRequest.h in Headers */ = {isa = PBXBuildFile; fileRef = 7B22C6271F34D884001F4C18 /* BranchRedeemRewardsRequest.h */; };
		7B22C6481F34D884001F4C18 /* BranchRegisterViewRequest.h in Headers */ = {isa = PBXBuildFile; fileRef = 7B22C6291F34D884001F4C18 /* BranchRegisterViewRequest.h */; };
		7B22C64A1F34D884001F4C18 /* BranchSetIdentityRequest.h in Headers */ = {isa = PBXBuildFile; fileRef = 7B22C62B1F34D884001F4C18 /* BranchSetIdentityRequest.h */; };
		7B22C64C1F34D884001F4C18 /* BranchShortUrlRequest.h in Headers */ = {isa = PBXBuildFile; fileRef = 7B22C62D1F34D884001F4C18 /* BranchShortUrlRequest.h */; };
		7B22C64E1F34D884001F4C18 /* BranchShortUrlSyncRequest.h in Headers */ = {isa = PBXBuildFile; fileRef = 7B22C62F1F34D884001F4C18 /* BranchShortUrlSyncRequest.h */; };
		7B22C6501F34D884001F4C18 /* BranchSpotlightUrlRequest.h in Headers */ = {isa = PBXBuildFile; fileRef = 7B22C6311F34D884001F4C18 /* BranchSpotlightUrlRequest.h */; };
		7B22C6521F34D884001F4C18 /* BranchUserCompletedActionRequest.h in Headers */ = {isa = PBXBuildFile; fileRef = 7B22C6331F34D884001F4C18 /* BranchUserCompletedActionRequest.h */; };
		7B22C6541F34D884001F4C18 /* PromoViewHandler.h in Headers */ = {isa = PBXBuildFile; fileRef = 7B22C6351F34D884001F4C18 /* PromoViewHandler.h */; };
		7B2322B81E8DDC84009B3BF6 /* BNCDebug.h in Headers */ = {isa = PBXBuildFile; fileRef = 7B2322921E8DDC84009B3BF6 /* BNCDebug.h */; };
		7B2322B91E8DDC84009B3BF6 /* BNCDebug.m in Sources */ = {isa = PBXBuildFile; fileRef = 7B2322931E8DDC84009B3BF6 /* BNCDebug.m */; };
		7B2322BA1E8DDC84009B3BF6 /* BNCLog.h in Headers */ = {isa = PBXBuildFile; fileRef = 7B2322941E8DDC84009B3BF6 /* BNCLog.h */; };
		7B2322BB1E8DDC84009B3BF6 /* BNCLog.m in Sources */ = {isa = PBXBuildFile; fileRef = 7B2322951E8DDC84009B3BF6 /* BNCLog.m */; };
		7B2322BC1E8DDC84009B3BF6 /* BranchShareLink.h in Headers */ = {isa = PBXBuildFile; fileRef = 7B2322961E8DDC84009B3BF6 /* BranchShareLink.h */; };
		7B2322BD1E8DDC84009B3BF6 /* BranchShareLink.m in Sources */ = {isa = PBXBuildFile; fileRef = 7B2322971E8DDC84009B3BF6 /* BranchShareLink.m */; };
		7B2322BE1E8DDC84009B3BF6 /* NSString+Branch.h in Headers */ = {isa = PBXBuildFile; fileRef = 7B2322981E8DDC84009B3BF6 /* NSString+Branch.h */; };
		7B2322BF1E8DDC84009B3BF6 /* NSString+Branch.m in Sources */ = {isa = PBXBuildFile; fileRef = 7B2322991E8DDC84009B3BF6 /* NSString+Branch.m */; };
		7B3B27501E707CD7003ABDF4 /* RNBranchAgingItem.h in Headers */ = {isa = PBXBuildFile; fileRef = 7B3B274E1E707CD7003ABDF4 /* RNBranchAgingItem.h */; };
		7B3B27511E707CD7003ABDF4 /* RNBranchAgingItem.m in Sources */ = {isa = PBXBuildFile; fileRef = 7B3B274F1E707CD7003ABDF4 /* RNBranchAgingItem.m */; };
		7B3B27541E707CF5003ABDF4 /* RNBranchAgingDictionary.h in Headers */ = {isa = PBXBuildFile; fileRef = 7B3B27521E707CF5003ABDF4 /* RNBranchAgingDictionary.h */; };
		7B3B27551E707CF5003ABDF4 /* RNBranchAgingDictionary.m in Sources */ = {isa = PBXBuildFile; fileRef = 7B3B27531E707CF5003ABDF4 /* RNBranchAgingDictionary.m */; };
		7B3FCB261E20626A008E38E2 /* RNBranch.h in Headers */ = {isa = PBXBuildFile; fileRef = 148030ED1CCDF9FA004ABEA4 /* RNBranch.h */; };
		7B3FCB331E206323008E38E2 /* RNBranch.h in Copy Headers */ = {isa = PBXBuildFile; fileRef = 148030ED1CCDF9FA004ABEA4 /* RNBranch.h */; };
		7B7C4CC41E6633CA00A27265 /* BNCCallbacks.h in Headers */ = {isa = PBXBuildFile; fileRef = 7B7C4C641E6633C900A27265 /* BNCCallbacks.h */; };
		7B7C4CC51E6633CA00A27265 /* BNCCommerceEvent.h in Headers */ = {isa = PBXBuildFile; fileRef = 7B7C4C651E6633C900A27265 /* BNCCommerceEvent.h */; };
		7B7C4CC61E6633CA00A27265 /* BNCCommerceEvent.m in Sources */ = {isa = PBXBuildFile; fileRef = 7B7C4C661E6633C900A27265 /* BNCCommerceEvent.m */; };
		7B7C4CC71E6633CA00A27265 /* BNCConfig.h in Headers */ = {isa = PBXBuildFile; fileRef = 7B7C4C671E6633C900A27265 /* BNCConfig.h */; };
		7B7C4CC81E6633CA00A27265 /* BNCConfig.m in Sources */ = {isa = PBXBuildFile; fileRef = 7B7C4C681E6633C900A27265 /* BNCConfig.m */; };
		7B7C4CC91E6633CA00A27265 /* BNCContentDiscoveryManager.h in Headers */ = {isa = PBXBuildFile; fileRef = 7B7C4C691E6633C900A27265 /* BNCContentDiscoveryManager.h */; };
		7B7C4CCA1E6633CA00A27265 /* BNCContentDiscoveryManager.m in Sources */ = {isa = PBXBuildFile; fileRef = 7B7C4C6A1E6633C900A27265 /* BNCContentDiscoveryManager.m */; };
		7B7C4CCB1E6633CA00A27265 /* BNCDeviceInfo.h in Headers */ = {isa = PBXBuildFile; fileRef = 7B7C4C6B1E6633C900A27265 /* BNCDeviceInfo.h */; };
		7B7C4CCC1E6633CA00A27265 /* BNCDeviceInfo.m in Sources */ = {isa = PBXBuildFile; fileRef = 7B7C4C6C1E6633C900A27265 /* BNCDeviceInfo.m */; };
		7B7C4CCD1E6633CA00A27265 /* BNCEncodingUtils.h in Headers */ = {isa = PBXBuildFile; fileRef = 7B7C4C6D1E6633C900A27265 /* BNCEncodingUtils.h */; };
		7B7C4CCE1E6633CA00A27265 /* BNCEncodingUtils.m in Sources */ = {isa = PBXBuildFile; fileRef = 7B7C4C6E1E6633C900A27265 /* BNCEncodingUtils.m */; };
		7B7C4CCF1E6633CA00A27265 /* BNCError.h in Headers */ = {isa = PBXBuildFile; fileRef = 7B7C4C6F1E6633C900A27265 /* BNCError.h */; };
		7B7C4CD01E6633CA00A27265 /* BNCError.m in Sources */ = {isa = PBXBuildFile; fileRef = 7B7C4C701E6633C900A27265 /* BNCError.m */; };
		7B7C4CD11E6633CA00A27265 /* BNCFabricAnswers.h in Headers */ = {isa = PBXBuildFile; fileRef = 7B7C4C711E6633C900A27265 /* BNCFabricAnswers.h */; };
		7B7C4CD21E6633CA00A27265 /* BNCFabricAnswers.m in Sources */ = {isa = PBXBuildFile; fileRef = 7B7C4C721E6633C900A27265 /* BNCFabricAnswers.m */; };
		7B7C4CD31E6633CA00A27265 /* BNCLinkCache.h in Headers */ = {isa = PBXBuildFile; fileRef = 7B7C4C731E6633C900A27265 /* BNCLinkCache.h */; };
		7B7C4CD41E6633CA00A27265 /* BNCLinkCache.m in Sources */ = {isa = PBXBuildFile; fileRef = 7B7C4C741E6633C900A27265 /* BNCLinkCache.m */; };
		7B7C4CD51E6633CA00A27265 /* BNCLinkData.h in Headers */ = {isa = PBXBuildFile; fileRef = 7B7C4C751E6633C900A27265 /* BNCLinkData.h */; };
		7B7C4CD61E6633CA00A27265 /* BNCLinkData.m in Sources */ = {isa = PBXBuildFile; fileRef = 7B7C4C761E6633C900A27265 /* BNCLinkData.m */; };
		7B7C4CD71E6633CA00A27265 /* BNCPreferenceHelper.h in Headers */ = {isa = PBXBuildFile; fileRef = 7B7C4C771E6633C900A27265 /* BNCPreferenceHelper.h */; };
		7B7C4CD81E6633CA00A27265 /* BNCPreferenceHelper.m in Sources */ = {isa = PBXBuildFile; fileRef = 7B7C4C781E6633C900A27265 /* BNCPreferenceHelper.m */; };
		7B7C4CD91E6633CA00A27265 /* BNCServerInterface.h in Headers */ = {isa = PBXBuildFile; fileRef = 7B7C4C791E6633C900A27265 /* BNCServerInterface.h */; };
		7B7C4CDB1E6633CA00A27265 /* BNCServerRequestQueue.h in Headers */ = {isa = PBXBuildFile; fileRef = 7B7C4C7B1E6633C900A27265 /* BNCServerRequestQueue.h */; };
		7B7C4CDD1E6633CA00A27265 /* BNCServerResponse.h in Headers */ = {isa = PBXBuildFile; fileRef = 7B7C4C7D1E6633C900A27265 /* BNCServerResponse.h */; };
		7B7C4CDF1E6633CA00A27265 /* BNCStrongMatchHelper.h in Headers */ = {isa = PBXBuildFile; fileRef = 7B7C4C7F1E6633C900A27265 /* BNCStrongMatchHelper.h */; };
		7B7C4CE01E6633CA00A27265 /* BNCStrongMatchHelper.m in Sources */ = {isa = PBXBuildFile; fileRef = 7B7C4C801E6633C900A27265 /* BNCStrongMatchHelper.m */; };
		7B7C4CE11E6633CA00A27265 /* BNCSystemObserver.h in Headers */ = {isa = PBXBuildFile; fileRef = 7B7C4C811E6633C900A27265 /* BNCSystemObserver.h */; };
		7B7C4CE21E6633CA00A27265 /* BNCSystemObserver.m in Sources */ = {isa = PBXBuildFile; fileRef = 7B7C4C821E6633C900A27265 /* BNCSystemObserver.m */; };
		7B7C4CE31E6633CA00A27265 /* BNCXcode7Support.h in Headers */ = {isa = PBXBuildFile; fileRef = 7B7C4C831E6633C900A27265 /* BNCXcode7Support.h */; };
		7B7C4CE41E6633CA00A27265 /* BNCXcode7Support.m in Sources */ = {isa = PBXBuildFile; fileRef = 7B7C4C841E6633C900A27265 /* BNCXcode7Support.m */; };
		7B7C4CE51E6633CA00A27265 /* Branch-SDK-Prefix.pch in Headers */ = {isa = PBXBuildFile; fileRef = 7B7C4C851E6633C900A27265 /* Branch-SDK-Prefix.pch */; };
		7B7C4CE61E6633CA00A27265 /* Branch.h in Headers */ = {isa = PBXBuildFile; fileRef = 7B7C4C861E6633C900A27265 /* Branch.h */; };
		7B7C4CE71E6633CA00A27265 /* Branch.m in Sources */ = {isa = PBXBuildFile; fileRef = 7B7C4C871E6633C900A27265 /* Branch.m */; };
		7B7C4CE81E6633CA00A27265 /* BranchActivityItemProvider.h in Headers */ = {isa = PBXBuildFile; fileRef = 7B7C4C881E6633C900A27265 /* BranchActivityItemProvider.h */; };
		7B7C4CE91E6633CA00A27265 /* BranchActivityItemProvider.m in Sources */ = {isa = PBXBuildFile; fileRef = 7B7C4C891E6633C900A27265 /* BranchActivityItemProvider.m */; };
		7B7C4CEA1E6633CA00A27265 /* BranchConstants.h in Headers */ = {isa = PBXBuildFile; fileRef = 7B7C4C8A1E6633C900A27265 /* BranchConstants.h */; };
		7B7C4CEB1E6633CA00A27265 /* BranchConstants.m in Sources */ = {isa = PBXBuildFile; fileRef = 7B7C4C8B1E6633C900A27265 /* BranchConstants.m */; };
		7B7C4CEC1E6633CA00A27265 /* BranchContentDiscoverer.h in Headers */ = {isa = PBXBuildFile; fileRef = 7B7C4C8C1E6633C900A27265 /* BranchContentDiscoverer.h */; };
		7B7C4CED1E6633CA00A27265 /* BranchContentDiscoverer.m in Sources */ = {isa = PBXBuildFile; fileRef = 7B7C4C8D1E6633C900A27265 /* BranchContentDiscoverer.m */; };
		7B7C4CEE1E6633CA00A27265 /* BranchContentDiscoveryManifest.h in Headers */ = {isa = PBXBuildFile; fileRef = 7B7C4C8E1E6633C900A27265 /* BranchContentDiscoveryManifest.h */; };
		7B7C4CEF1E6633CA00A27265 /* BranchContentDiscoveryManifest.m in Sources */ = {isa = PBXBuildFile; fileRef = 7B7C4C8F1E6633C900A27265 /* BranchContentDiscoveryManifest.m */; };
		7B7C4CF01E6633CA00A27265 /* BranchContentPathProperties.h in Headers */ = {isa = PBXBuildFile; fileRef = 7B7C4C901E6633C900A27265 /* BranchContentPathProperties.h */; };
		7B7C4CF11E6633CA00A27265 /* BranchContentPathProperties.m in Sources */ = {isa = PBXBuildFile; fileRef = 7B7C4C911E6633C900A27265 /* BranchContentPathProperties.m */; };
		7B7C4CF21E6633CA00A27265 /* BranchCSSearchableItemAttributeSet.h in Headers */ = {isa = PBXBuildFile; fileRef = 7B7C4C921E6633C900A27265 /* BranchCSSearchableItemAttributeSet.h */; };
		7B7C4CF31E6633CA00A27265 /* BranchCSSearchableItemAttributeSet.m in Sources */ = {isa = PBXBuildFile; fileRef = 7B7C4C931E6633C900A27265 /* BranchCSSearchableItemAttributeSet.m */; };
		7B7C4CF41E6633CA00A27265 /* BranchDeepLinkingController.h in Headers */ = {isa = PBXBuildFile; fileRef = 7B7C4C941E6633C900A27265 /* BranchDeepLinkingController.h */; };
		7B7C4CF51E6633CA00A27265 /* BranchLinkProperties.h in Headers */ = {isa = PBXBuildFile; fileRef = 7B7C4C951E6633C900A27265 /* BranchLinkProperties.h */; };
		7B7C4CF61E6633CA00A27265 /* BranchLinkProperties.m in Sources */ = {isa = PBXBuildFile; fileRef = 7B7C4C961E6633C900A27265 /* BranchLinkProperties.m */; };
		7B7C4CF71E6633CA00A27265 /* BranchUniversalObject.h in Headers */ = {isa = PBXBuildFile; fileRef = 7B7C4C971E6633C900A27265 /* BranchUniversalObject.h */; };
		7B7C4CF81E6633CA00A27265 /* BranchUniversalObject.m in Sources */ = {isa = PBXBuildFile; fileRef = 7B7C4C981E6633C900A27265 /* BranchUniversalObject.m */; };
		7B7C4CF91E6633CA00A27265 /* BranchView.h in Headers */ = {isa = PBXBuildFile; fileRef = 7B7C4C991E6633CA00A27265 /* BranchView.h */; };
		7B7C4CFA1E6633CA00A27265 /* BranchView.m in Sources */ = {isa = PBXBuildFile; fileRef = 7B7C4C9A1E6633CA00A27265 /* BranchView.m */; };
		7B7C4CFB1E6633CA00A27265 /* BranchViewHandler.h in Headers */ = {isa = PBXBuildFile; fileRef = 7B7C4C9B1E6633CA00A27265 /* BranchViewHandler.h */; };
		7B7C4CFC1E6633CA00A27265 /* BranchViewHandler.m in Sources */ = {isa = PBXBuildFile; fileRef = 7B7C4C9C1E6633CA00A27265 /* BranchViewHandler.m */; };
		7B7C4CFD1E6633CA00A27265 /* NSMutableDictionary+Branch.h in Headers */ = {isa = PBXBuildFile; fileRef = 7B7C4C9D1E6633CA00A27265 /* NSMutableDictionary+Branch.h */; };
		7B7C4CFE1E6633CA00A27265 /* NSMutableDictionary+Branch.m in Sources */ = {isa = PBXBuildFile; fileRef = 7B7C4C9E1E6633CA00A27265 /* NSMutableDictionary+Branch.m */; };
		7B7C4CFF1E6633CA00A27265 /* BNCServerRequest.h in Headers */ = {isa = PBXBuildFile; fileRef = 7B7C4CA01E6633CA00A27265 /* BNCServerRequest.h */; };
		7B7C4D011E6633CA00A27265 /* BranchCloseRequest.h in Headers */ = {isa = PBXBuildFile; fileRef = 7B7C4CA21E6633CA00A27265 /* BranchCloseRequest.h */; };
		7B7C4D031E6633CA00A27265 /* BranchCreditHistoryRequest.h in Headers */ = {isa = PBXBuildFile; fileRef = 7B7C4CA41E6633CA00A27265 /* BranchCreditHistoryRequest.h */; };
		7B7C4D051E6633CA00A27265 /* BranchInstallRequest.h in Headers */ = {isa = PBXBuildFile; fileRef = 7B7C4CA61E6633CA00A27265 /* BranchInstallRequest.h */; };
		7B7C4D071E6633CA00A27265 /* BranchLoadRewardsRequest.h in Headers */ = {isa = PBXBuildFile; fileRef = 7B7C4CA81E6633CA00A27265 /* BranchLoadRewardsRequest.h */; };
		7B7C4D091E6633CA00A27265 /* BranchLogoutRequest.h in Headers */ = {isa = PBXBuildFile; fileRef = 7B7C4CAA1E6633CA00A27265 /* BranchLogoutRequest.h */; };
		7B7C4D0B1E6633CA00A27265 /* BranchOpenRequest.h in Headers */ = {isa = PBXBuildFile; fileRef = 7B7C4CAC1E6633CA00A27265 /* BranchOpenRequest.h */; };
		7B7C4D0D1E6633CA00A27265 /* BranchRedeemRewardsRequest.h in Headers */ = {isa = PBXBuildFile; fileRef = 7B7C4CAE1E6633CA00A27265 /* BranchRedeemRewardsRequest.h */; };
		7B7C4D0F1E6633CA00A27265 /* BranchRegisterViewRequest.h in Headers */ = {isa = PBXBuildFile; fileRef = 7B7C4CB01E6633CA00A27265 /* BranchRegisterViewRequest.h */; };
		7B7C4D111E6633CA00A27265 /* BranchSetIdentityRequest.h in Headers */ = {isa = PBXBuildFile; fileRef = 7B7C4CB21E6633CA00A27265 /* BranchSetIdentityRequest.h */; };
		7B7C4D131E6633CA00A27265 /* BranchShortUrlRequest.h in Headers */ = {isa = PBXBuildFile; fileRef = 7B7C4CB41E6633CA00A27265 /* BranchShortUrlRequest.h */; };
		7B7C4D151E6633CA00A27265 /* BranchShortUrlSyncRequest.h in Headers */ = {isa = PBXBuildFile; fileRef = 7B7C4CB61E6633CA00A27265 /* BranchShortUrlSyncRequest.h */; };
		7B7C4D171E6633CA00A27265 /* BranchSpotlightUrlRequest.h in Headers */ = {isa = PBXBuildFile; fileRef = 7B7C4CB81E6633CA00A27265 /* BranchSpotlightUrlRequest.h */; };
		7B7C4D191E6633CA00A27265 /* BranchUserCompletedActionRequest.h in Headers */ = {isa = PBXBuildFile; fileRef = 7B7C4CBA1E6633CA00A27265 /* BranchUserCompletedActionRequest.h */; };
		7B7C4D1B1E6633CA00A27265 /* PromoViewHandler.h in Headers */ = {isa = PBXBuildFile; fileRef = 7B7C4CBC1E6633CA00A27265 /* PromoViewHandler.h */; };
		7B7C4D1C1E6633CA00A27265 /* ANSCompatibility.h in Headers */ = {isa = PBXBuildFile; fileRef = 7B7C4CBE1E6633CA00A27265 /* ANSCompatibility.h */; };
		7B7C4D1D1E6633CA00A27265 /* Answers.h in Headers */ = {isa = PBXBuildFile; fileRef = 7B7C4CBF1E6633CA00A27265 /* Answers.h */; };
		7B7C4D1E1E6633CA00A27265 /* FABAttributes.h in Headers */ = {isa = PBXBuildFile; fileRef = 7B7C4CC01E6633CA00A27265 /* FABAttributes.h */; };
		7B7C4D1F1E6633CA00A27265 /* FABKitProtocol.h in Headers */ = {isa = PBXBuildFile; fileRef = 7B7C4CC11E6633CA00A27265 /* FABKitProtocol.h */; };
		7B7C4D201E6633CA00A27265 /* Fabric+FABKits.h in Headers */ = {isa = PBXBuildFile; fileRef = 7B7C4CC21E6633CA00A27265 /* Fabric+FABKits.h */; };
		7B7C4D211E6633CA00A27265 /* Fabric.h in Headers */ = {isa = PBXBuildFile; fileRef = 7B7C4CC31E6633CA00A27265 /* Fabric.h */; };
		7B7C4D231E66343F00A27265 /* BNCCallbacks.h in Copy Branch SDK Headers */ = {isa = PBXBuildFile; fileRef = 7B7C4C641E6633C900A27265 /* BNCCallbacks.h */; };
		7B7C4D241E66343F00A27265 /* BNCCommerceEvent.h in Copy Branch SDK Headers */ = {isa = PBXBuildFile; fileRef = 7B7C4C651E6633C900A27265 /* BNCCommerceEvent.h */; };
		7B7C4D251E66343F00A27265 /* BNCConfig.h in Copy Branch SDK Headers */ = {isa = PBXBuildFile; fileRef = 7B7C4C671E6633C900A27265 /* BNCConfig.h */; };
		7B7C4D261E66343F00A27265 /* BNCContentDiscoveryManager.h in Copy Branch SDK Headers */ = {isa = PBXBuildFile; fileRef = 7B7C4C691E6633C900A27265 /* BNCContentDiscoveryManager.h */; };
		7B7C4D271E66343F00A27265 /* BNCDeviceInfo.h in Copy Branch SDK Headers */ = {isa = PBXBuildFile; fileRef = 7B7C4C6B1E6633C900A27265 /* BNCDeviceInfo.h */; };
		7B7C4D281E66343F00A27265 /* BNCEncodingUtils.h in Copy Branch SDK Headers */ = {isa = PBXBuildFile; fileRef = 7B7C4C6D1E6633C900A27265 /* BNCEncodingUtils.h */; };
		7B7C4D291E66343F00A27265 /* BNCError.h in Copy Branch SDK Headers */ = {isa = PBXBuildFile; fileRef = 7B7C4C6F1E6633C900A27265 /* BNCError.h */; };
		7B7C4D2A1E66343F00A27265 /* BNCFabricAnswers.h in Copy Branch SDK Headers */ = {isa = PBXBuildFile; fileRef = 7B7C4C711E6633C900A27265 /* BNCFabricAnswers.h */; };
		7B7C4D2B1E66343F00A27265 /* BNCLinkCache.h in Copy Branch SDK Headers */ = {isa = PBXBuildFile; fileRef = 7B7C4C731E6633C900A27265 /* BNCLinkCache.h */; };
		7B7C4D2C1E66343F00A27265 /* BNCLinkData.h in Copy Branch SDK Headers */ = {isa = PBXBuildFile; fileRef = 7B7C4C751E6633C900A27265 /* BNCLinkData.h */; };
		7B7C4D2D1E66343F00A27265 /* BNCPreferenceHelper.h in Copy Branch SDK Headers */ = {isa = PBXBuildFile; fileRef = 7B7C4C771E6633C900A27265 /* BNCPreferenceHelper.h */; };
		7B7C4D311E66343F00A27265 /* BNCStrongMatchHelper.h in Copy Branch SDK Headers */ = {isa = PBXBuildFile; fileRef = 7B7C4C7F1E6633C900A27265 /* BNCStrongMatchHelper.h */; };
		7B7C4D321E66343F00A27265 /* BNCSystemObserver.h in Copy Branch SDK Headers */ = {isa = PBXBuildFile; fileRef = 7B7C4C811E6633C900A27265 /* BNCSystemObserver.h */; };
		7B7C4D331E66343F00A27265 /* BNCXcode7Support.h in Copy Branch SDK Headers */ = {isa = PBXBuildFile; fileRef = 7B7C4C831E6633C900A27265 /* BNCXcode7Support.h */; };
		7B7C4D341E66343F00A27265 /* Branch-SDK-Prefix.pch in Copy Branch SDK Headers */ = {isa = PBXBuildFile; fileRef = 7B7C4C851E6633C900A27265 /* Branch-SDK-Prefix.pch */; };
		7B7C4D351E66343F00A27265 /* Branch.h in Copy Branch SDK Headers */ = {isa = PBXBuildFile; fileRef = 7B7C4C861E6633C900A27265 /* Branch.h */; };
		7B7C4D361E66343F00A27265 /* BranchActivityItemProvider.h in Copy Branch SDK Headers */ = {isa = PBXBuildFile; fileRef = 7B7C4C881E6633C900A27265 /* BranchActivityItemProvider.h */; };
		7B7C4D371E66343F00A27265 /* BranchConstants.h in Copy Branch SDK Headers */ = {isa = PBXBuildFile; fileRef = 7B7C4C8A1E6633C900A27265 /* BranchConstants.h */; };
		7B7C4D381E66343F00A27265 /* BranchContentDiscoverer.h in Copy Branch SDK Headers */ = {isa = PBXBuildFile; fileRef = 7B7C4C8C1E6633C900A27265 /* BranchContentDiscoverer.h */; };
		7B7C4D391E66343F00A27265 /* BranchContentDiscoveryManifest.h in Copy Branch SDK Headers */ = {isa = PBXBuildFile; fileRef = 7B7C4C8E1E6633C900A27265 /* BranchContentDiscoveryManifest.h */; };
		7B7C4D3A1E66343F00A27265 /* BranchContentPathProperties.h in Copy Branch SDK Headers */ = {isa = PBXBuildFile; fileRef = 7B7C4C901E6633C900A27265 /* BranchContentPathProperties.h */; };
		7B7C4D3B1E66343F00A27265 /* BranchCSSearchableItemAttributeSet.h in Copy Branch SDK Headers */ = {isa = PBXBuildFile; fileRef = 7B7C4C921E6633C900A27265 /* BranchCSSearchableItemAttributeSet.h */; };
		7B7C4D3C1E66343F00A27265 /* BranchDeepLinkingController.h in Copy Branch SDK Headers */ = {isa = PBXBuildFile; fileRef = 7B7C4C941E6633C900A27265 /* BranchDeepLinkingController.h */; };
		7B7C4D3D1E66343F00A27265 /* BranchLinkProperties.h in Copy Branch SDK Headers */ = {isa = PBXBuildFile; fileRef = 7B7C4C951E6633C900A27265 /* BranchLinkProperties.h */; };
		7B7C4D3E1E66343F00A27265 /* BranchUniversalObject.h in Copy Branch SDK Headers */ = {isa = PBXBuildFile; fileRef = 7B7C4C971E6633C900A27265 /* BranchUniversalObject.h */; };
		7B7C4D3F1E66343F00A27265 /* BranchView.h in Copy Branch SDK Headers */ = {isa = PBXBuildFile; fileRef = 7B7C4C991E6633CA00A27265 /* BranchView.h */; };
		7B7C4D401E66343F00A27265 /* BranchViewHandler.h in Copy Branch SDK Headers */ = {isa = PBXBuildFile; fileRef = 7B7C4C9B1E6633CA00A27265 /* BranchViewHandler.h */; };
		7B7C4D411E66343F00A27265 /* NSMutableDictionary+Branch.h in Copy Branch SDK Headers */ = {isa = PBXBuildFile; fileRef = 7B7C4C9D1E6633CA00A27265 /* NSMutableDictionary+Branch.h */; };
		7B7C4D511E66343F00A27265 /* ANSCompatibility.h in Copy Branch SDK Headers */ = {isa = PBXBuildFile; fileRef = 7B7C4CBE1E6633CA00A27265 /* ANSCompatibility.h */; };
		7B7C4D521E66343F00A27265 /* Answers.h in Copy Branch SDK Headers */ = {isa = PBXBuildFile; fileRef = 7B7C4CBF1E6633CA00A27265 /* Answers.h */; };
		7B7C4D531E66343F00A27265 /* FABAttributes.h in Copy Branch SDK Headers */ = {isa = PBXBuildFile; fileRef = 7B7C4CC01E6633CA00A27265 /* FABAttributes.h */; };
		7B7C4D541E66343F00A27265 /* FABKitProtocol.h in Copy Branch SDK Headers */ = {isa = PBXBuildFile; fileRef = 7B7C4CC11E6633CA00A27265 /* FABKitProtocol.h */; };
		7B7C4D551E66343F00A27265 /* Fabric+FABKits.h in Copy Branch SDK Headers */ = {isa = PBXBuildFile; fileRef = 7B7C4CC21E6633CA00A27265 /* Fabric+FABKits.h */; };
		7B7C4D561E66343F00A27265 /* Fabric.h in Copy Branch SDK Headers */ = {isa = PBXBuildFile; fileRef = 7B7C4CC31E6633CA00A27265 /* Fabric.h */; };
		7B9654551E96E328009C3CEE /* RNBranchEventEmitter.h in Headers */ = {isa = PBXBuildFile; fileRef = 7B9654531E96E328009C3CEE /* RNBranchEventEmitter.h */; };
		7B9654561E96E328009C3CEE /* RNBranchEventEmitter.m in Sources */ = {isa = PBXBuildFile; fileRef = 7B9654541E96E328009C3CEE /* RNBranchEventEmitter.m */; };
		7BCFE4291E8DEE41009927C9 /* BNCDebug.h in Copy Branch SDK Headers */ = {isa = PBXBuildFile; fileRef = 7B2322921E8DDC84009B3BF6 /* BNCDebug.h */; };
		7BCFE42A1E8DEE41009927C9 /* BNCLog.h in Copy Branch SDK Headers */ = {isa = PBXBuildFile; fileRef = 7B2322941E8DDC84009B3BF6 /* BNCLog.h */; };
		7BCFE42B1E8DEE41009927C9 /* BranchShareLink.h in Copy Branch SDK Headers */ = {isa = PBXBuildFile; fileRef = 7B2322961E8DDC84009B3BF6 /* BranchShareLink.h */; };
		7BCFE42C1E8DEE41009927C9 /* NSString+Branch.h in Copy Branch SDK Headers */ = {isa = PBXBuildFile; fileRef = 7B2322981E8DDC84009B3BF6 /* NSString+Branch.h */; };
		7BE575131E205B8600C936E2 /* RNBranch.m in Sources */ = {isa = PBXBuildFile; fileRef = 148030EE1CCDF9FA004ABEA4 /* RNBranch.m */; };
		7DFAAE846C9F13E34B72E2CD /* BNCServerRequest.h in Copy Branch SDK Headers */ = {isa = PBXBuildFile; fileRef = 7AA86F76227E6DE06C4E7F9E /* BNCServerRequest.h */; };
		840ED79EC034A32FC53B7A1C /* BranchShortUrlSyncRequest.m in Sources */ = {isa = PBXBuildFile; fileRef = 47E0EEAFDC3A8714E2CB6646 /* BranchShortUrlSyncRequest.m */; };
		897007697EF1021936B3D827 /* BranchShortUrlSyncRequest.h in Copy Branch SDK Headers */ = {isa = PBXBuildFile; fileRef = 14435610F9040354E55EC93D /* BranchShortUrlSyncRequest.h */; };
		91F9D9FA6C73C02508907B89 /* BNCCrashlyticsWrapper.m in Sources */ = {isa = PBXBuildFile; fileRef = F68815134A2A0F13F2EB2815 /* BNCCrashlyticsWrapper.m */; };
		95AF1CE0C99522534AA0CCFA /* BranchShortUrlRequest.h in Copy Branch SDK Headers */ = {isa = PBXBuildFile; fileRef = CD73E6E6FF60D5E4B33FC5B6 /* BranchShortUrlRequest.h */; };
		9FEDE4D3CB4EF27F5DB137D1 /* BranchSpotlightUrlRequest.m in Sources */ = {isa = PBXBuildFile; fileRef = 23C256474A9E3E1442886583 /* BranchSpotlightUrlRequest.m */; };
		A48A058D9698EC607183BECB /* BranchRegisterViewRequest.h in Copy Branch SDK Headers */ = {isa = PBXBuildFile; fileRef = 6CA01BEE9FB2E8F281DFAFE3 /* BranchRegisterViewRequest.h */; };
		A6ABDD207F847BF71E0E33B0 /* BranchInstallRequest.m in Sources */ = {isa = PBXBuildFile; fileRef = A4CD4583B25FE1D662B6CB96 /* BranchInstallRequest.m */; };
		AE6C1480D6BB602292C148DF /* BranchCloseRequest.m in Sources */ = {isa = PBXBuildFile; fileRef = 343E95280BAC9E9B2F0DD5FD /* BranchCloseRequest.m */; };
		B2AAFAA92AF30A1673A1BC12 /* BranchSetIdentityRequest.h in Copy Branch SDK Headers */ = {isa = PBXBuildFile; fileRef = A59DB9B6E822280DCA773F9C /* BranchSetIdentityRequest.h */; };
		BC173C9781E89720B5D05D89 /* BNCServerInterface.m in Sources */ = {isa = PBXBuildFile; fileRef = 8D89D2AF799D3606D4A74F4C /* BNCServerInterface.m */; };
		C05D7F2DE028F27933A33584 /* BNCServerRequestQueue.m in Sources */ = {isa = PBXBuildFile; fileRef = 50592A93243633366CD212BA /* BNCServerRequestQueue.m */; };
		C39A555DCA8C23F87AFF29A3 /* BranchRegisterViewRequest.m in Sources */ = {isa = PBXBuildFile; fileRef = 418C33EEFAD606945FE350F7 /* BranchRegisterViewRequest.m */; };
		C7B6393926106C78EC7EA6E0 /* BNCServerInterface.h in Copy Branch SDK Headers */ = {isa = PBXBuildFile; fileRef = 17009599913BCB57DDE8A1BC /* BNCServerInterface.h */; };
		C9BCFE353733AE76F9162556 /* BNCLocalization.m in Sources */ = {isa = PBXBuildFile; fileRef = 4BD2CA24DC056020856F3AB2 /* BNCLocalization.m */; };
		CA854E29F116319919A25910 /* BranchCreditHistoryRequest.h in Copy Branch SDK Headers */ = {isa = PBXBuildFile; fileRef = 4898715B104655BB5335C36C /* BranchCreditHistoryRequest.h */; };
		CF519AB1DA63AA22E5594A18 /* BranchLogoutRequest.h in Copy Branch SDK Headers */ = {isa = PBXBuildFile; fileRef = 97FFAEB3748BBB8FD7E3CFC8 /* BranchLogoutRequest.h */; };
		D52F9C1CCE3D5E57D587CCDC /* BranchUserCompletedActionRequest.m in Sources */ = {isa = PBXBuildFile; fileRef = 9A19A5755BB859D9EA1AFEA1 /* BranchUserCompletedActionRequest.m */; };
		E175531ADAFA32AE201ACD2C /* BranchCreditHistoryRequest.m in Sources */ = {isa = PBXBuildFile; fileRef = 0CAA0AE1B6F91D3AE93F2675 /* BranchCreditHistoryRequest.m */; };
		E50324E63DBCFF9CBD12CA40 /* BranchSpotlightUrlRequest.h in Copy Branch SDK Headers */ = {isa = PBXBuildFile; fileRef = 1E5FD295D8E6D8C6A34D0AC5 /* BranchSpotlightUrlRequest.h */; };
		E6CDB7D7E2A24F72CBB42CB3 /* BNCNetworkService.m in Sources */ = {isa = PBXBuildFile; fileRef = 70629A00A9ED8B30A06C8B8B /* BNCNetworkService.m */; };
		EA72D8BEC5BE55DB0A22492E /* BranchRedeemRewardsRequest.m in Sources */ = {isa = PBXBuildFile; fileRef = F489799AE58F9B05053FF4D8 /* BranchRedeemRewardsRequest.m */; };
		F305CF5BEE53234BA4C11EF3 /* BNCServerRequest.m in Sources */ = {isa = PBXBuildFile; fileRef = 70EEAA4A9F4468D5D787DB36 /* BNCServerRequest.m */; };
		F50B30B810E98256F3F5B808 /* BranchRedeemRewardsRequest.h in Copy Branch SDK Headers */ = {isa = PBXBuildFile; fileRef = B7B666C01910AE87C54636D6 /* BranchRedeemRewardsRequest.h */; };
		F6A1C12D72026BA0A5AB55BD /* BranchOpenRequest.m in Sources */ = {isa = PBXBuildFile; fileRef = 4D3C1766BE806B58257CF78D /* BranchOpenRequest.m */; };
/* End PBXBuildFile section */

/* Begin PBXCopyFilesBuildPhase section */
		7B3FCB321E206317008E38E2 /* Copy Headers */ = {
			isa = PBXCopyFilesBuildPhase;
			buildActionMask = 2147483647;
			dstPath = "include/$(PRODUCT_NAME)";
			dstSubfolderSpec = 16;
			files = (
				7B3FCB331E206323008E38E2 /* RNBranch.h in Copy Headers */,
			);
			name = "Copy Headers";
			runOnlyForDeploymentPostprocessing = 0;
		};
		7B7C4D221E6633F300A27265 /* Copy Branch SDK Headers */ = {
			isa = PBXCopyFilesBuildPhase;
			buildActionMask = 2147483647;
			dstPath = include/Branch;
			dstSubfolderSpec = 16;
			files = (
				7BCFE4291E8DEE41009927C9 /* BNCDebug.h in Copy Branch SDK Headers */,
				7BCFE42A1E8DEE41009927C9 /* BNCLog.h in Copy Branch SDK Headers */,
				7BCFE42B1E8DEE41009927C9 /* BranchShareLink.h in Copy Branch SDK Headers */,
				7BCFE42C1E8DEE41009927C9 /* NSString+Branch.h in Copy Branch SDK Headers */,
				7B7C4D231E66343F00A27265 /* BNCCallbacks.h in Copy Branch SDK Headers */,
				7B7C4D241E66343F00A27265 /* BNCCommerceEvent.h in Copy Branch SDK Headers */,
				7B7C4D251E66343F00A27265 /* BNCConfig.h in Copy Branch SDK Headers */,
				7B7C4D261E66343F00A27265 /* BNCContentDiscoveryManager.h in Copy Branch SDK Headers */,
				7B7C4D271E66343F00A27265 /* BNCDeviceInfo.h in Copy Branch SDK Headers */,
				7B7C4D281E66343F00A27265 /* BNCEncodingUtils.h in Copy Branch SDK Headers */,
				7B7C4D291E66343F00A27265 /* BNCError.h in Copy Branch SDK Headers */,
				7B7C4D2A1E66343F00A27265 /* BNCFabricAnswers.h in Copy Branch SDK Headers */,
				7B7C4D2B1E66343F00A27265 /* BNCLinkCache.h in Copy Branch SDK Headers */,
				7B7C4D2C1E66343F00A27265 /* BNCLinkData.h in Copy Branch SDK Headers */,
				7B7C4D2D1E66343F00A27265 /* BNCPreferenceHelper.h in Copy Branch SDK Headers */,
				7B7C4D311E66343F00A27265 /* BNCStrongMatchHelper.h in Copy Branch SDK Headers */,
				7B7C4D321E66343F00A27265 /* BNCSystemObserver.h in Copy Branch SDK Headers */,
				7B7C4D331E66343F00A27265 /* BNCXcode7Support.h in Copy Branch SDK Headers */,
				7B7C4D341E66343F00A27265 /* Branch-SDK-Prefix.pch in Copy Branch SDK Headers */,
				7B7C4D351E66343F00A27265 /* Branch.h in Copy Branch SDK Headers */,
				7B7C4D361E66343F00A27265 /* BranchActivityItemProvider.h in Copy Branch SDK Headers */,
				7B7C4D371E66343F00A27265 /* BranchConstants.h in Copy Branch SDK Headers */,
				7B7C4D381E66343F00A27265 /* BranchContentDiscoverer.h in Copy Branch SDK Headers */,
				7B7C4D391E66343F00A27265 /* BranchContentDiscoveryManifest.h in Copy Branch SDK Headers */,
				7B7C4D3A1E66343F00A27265 /* BranchContentPathProperties.h in Copy Branch SDK Headers */,
				7B7C4D3B1E66343F00A27265 /* BranchCSSearchableItemAttributeSet.h in Copy Branch SDK Headers */,
				7B7C4D3C1E66343F00A27265 /* BranchDeepLinkingController.h in Copy Branch SDK Headers */,
				7B7C4D3D1E66343F00A27265 /* BranchLinkProperties.h in Copy Branch SDK Headers */,
				7B7C4D3E1E66343F00A27265 /* BranchUniversalObject.h in Copy Branch SDK Headers */,
				7B7C4D3F1E66343F00A27265 /* BranchView.h in Copy Branch SDK Headers */,
				7B7C4D401E66343F00A27265 /* BranchViewHandler.h in Copy Branch SDK Headers */,
				7B7C4D411E66343F00A27265 /* NSMutableDictionary+Branch.h in Copy Branch SDK Headers */,
				7B7C4D511E66343F00A27265 /* ANSCompatibility.h in Copy Branch SDK Headers */,
				7B7C4D521E66343F00A27265 /* Answers.h in Copy Branch SDK Headers */,
				7B7C4D531E66343F00A27265 /* FABAttributes.h in Copy Branch SDK Headers */,
				7B7C4D541E66343F00A27265 /* FABKitProtocol.h in Copy Branch SDK Headers */,
				7B7C4D551E66343F00A27265 /* Fabric+FABKits.h in Copy Branch SDK Headers */,
				7B7C4D561E66343F00A27265 /* Fabric.h in Copy Branch SDK Headers */,
				27A1F247A3F9C5784A252F96 /* BNCCrashlyticsWrapper.h in Copy Branch SDK Headers */,
				741175F9A351599744365654 /* BNCLocalization.h in Copy Branch SDK Headers */,
				65BAC903443C891C0A8BA6E2 /* BNCNetworkService.h in Copy Branch SDK Headers */,
				6DB2DB69FC3F7C45D2EA72D6 /* BNCNetworkServiceProtocol.h in Copy Branch SDK Headers */,
				C7B6393926106C78EC7EA6E0 /* BNCServerInterface.h in Copy Branch SDK Headers */,
				7DFAAE846C9F13E34B72E2CD /* BNCServerRequest.h in Copy Branch SDK Headers */,
				60C6E3B7A0D2F11029791A2C /* BNCServerRequestQueue.h in Copy Branch SDK Headers */,
				03D08CD0D044AF0271C87352 /* BNCServerResponse.h in Copy Branch SDK Headers */,
				638524852F3AD104FF1A0591 /* BranchCloseRequest.h in Copy Branch SDK Headers */,
				CA854E29F116319919A25910 /* BranchCreditHistoryRequest.h in Copy Branch SDK Headers */,
				05075D43702449B32E399728 /* BranchInstallRequest.h in Copy Branch SDK Headers */,
				1CE6685A30EC0E1FFEBE8BF9 /* BranchLoadRewardsRequest.h in Copy Branch SDK Headers */,
				CF519AB1DA63AA22E5594A18 /* BranchLogoutRequest.h in Copy Branch SDK Headers */,
				5646D2235658F9A87E827F95 /* BranchOpenRequest.h in Copy Branch SDK Headers */,
				F50B30B810E98256F3F5B808 /* BranchRedeemRewardsRequest.h in Copy Branch SDK Headers */,
				A48A058D9698EC607183BECB /* BranchRegisterViewRequest.h in Copy Branch SDK Headers */,
				B2AAFAA92AF30A1673A1BC12 /* BranchSetIdentityRequest.h in Copy Branch SDK Headers */,
				95AF1CE0C99522534AA0CCFA /* BranchShortUrlRequest.h in Copy Branch SDK Headers */,
				897007697EF1021936B3D827 /* BranchShortUrlSyncRequest.h in Copy Branch SDK Headers */,
				E50324E63DBCFF9CBD12CA40 /* BranchSpotlightUrlRequest.h in Copy Branch SDK Headers */,
				57BA13ABE54837DAB2794385 /* BranchUserCompletedActionRequest.h in Copy Branch SDK Headers */,
			);
			name = "Copy Branch SDK Headers";
			runOnlyForDeploymentPostprocessing = 0;
		};
/* End PBXCopyFilesBuildPhase section */

/* Begin PBXFileReference section */
		082CCDE40A953D0175530A0B /* BranchInstallRequest.h */ = {isa = PBXFileReference; includeInIndex = 1; lastKnownFileType = sourcecode.c.h; path = BranchInstallRequest.h; sourceTree = "<group>"; };
		0BE9B2664DA96132DA1D6D21 /* BranchOpenRequest.h */ = {isa = PBXFileReference; includeInIndex = 1; lastKnownFileType = sourcecode.c.h; path = BranchOpenRequest.h; sourceTree = "<group>"; };
		0CAA0AE1B6F91D3AE93F2675 /* BranchCreditHistoryRequest.m */ = {isa = PBXFileReference; includeInIndex = 1; lastKnownFileType = sourcecode.c.objc; path = BranchCreditHistoryRequest.m; sourceTree = "<group>"; };
		14435610F9040354E55EC93D /* BranchShortUrlSyncRequest.h */ = {isa = PBXFileReference; includeInIndex = 1; lastKnownFileType = sourcecode.c.h; path = BranchShortUrlSyncRequest.h; sourceTree = "<group>"; };
		148030ED1CCDF9FA004ABEA4 /* RNBranch.h */ = {isa = PBXFileReference; fileEncoding = 4; lastKnownFileType = sourcecode.c.h; path = RNBranch.h; sourceTree = "<group>"; };
		148030EE1CCDF9FA004ABEA4 /* RNBranch.m */ = {isa = PBXFileReference; fileEncoding = 4; lastKnownFileType = sourcecode.c.objc; path = RNBranch.m; sourceTree = "<group>"; };
		17009599913BCB57DDE8A1BC /* BNCServerInterface.h */ = {isa = PBXFileReference; includeInIndex = 1; lastKnownFileType = sourcecode.c.h; path = BNCServerInterface.h; sourceTree = "<group>"; };
		17526702BE450C84362FA0F3 /* BNCServerRequestQueue.h */ = {isa = PBXFileReference; includeInIndex = 1; lastKnownFileType = sourcecode.c.h; path = BNCServerRequestQueue.h; sourceTree = "<group>"; };
		1E5FD295D8E6D8C6A34D0AC5 /* BranchSpotlightUrlRequest.h */ = {isa = PBXFileReference; includeInIndex = 1; lastKnownFileType = sourcecode.c.h; path = BranchSpotlightUrlRequest.h; sourceTree = "<group>"; };
		23C256474A9E3E1442886583 /* BranchSpotlightUrlRequest.m */ = {isa = PBXFileReference; includeInIndex = 1; lastKnownFileType = sourcecode.c.objc; path = BranchSpotlightUrlRequest.m; sourceTree = "<group>"; };
		27905544BFBA28CE4C50FAA6 /* BranchShortUrlRequest.m */ = {isa = PBXFileReference; includeInIndex = 1; lastKnownFileType = sourcecode.c.objc; path = BranchShortUrlRequest.m; sourceTree = "<group>"; };
		2D7E6BBD6F320CBF38F21218 /* BranchLoadRewardsRequest.h */ = {isa = PBXFileReference; includeInIndex = 1; lastKnownFileType = sourcecode.c.h; path = BranchLoadRewardsRequest.h; sourceTree = "<group>"; };
		343E95280BAC9E9B2F0DD5FD /* BranchCloseRequest.m */ = {isa = PBXFileReference; includeInIndex = 1; lastKnownFileType = sourcecode.c.objc; path = BranchCloseRequest.m; sourceTree = "<group>"; };
		418C33EEFAD606945FE350F7 /* BranchRegisterViewRequest.m */ = {isa = PBXFileReference; includeInIndex = 1; lastKnownFileType = sourcecode.c.objc; path = BranchRegisterViewRequest.m; sourceTree = "<group>"; };
		47E0EEAFDC3A8714E2CB6646 /* BranchShortUrlSyncRequest.m */ = {isa = PBXFileReference; includeInIndex = 1; lastKnownFileType = sourcecode.c.objc; path = BranchShortUrlSyncRequest.m; sourceTree = "<group>"; };
		4898715B104655BB5335C36C /* BranchCreditHistoryRequest.h */ = {isa = PBXFileReference; includeInIndex = 1; lastKnownFileType = sourcecode.c.h; path = BranchCreditHistoryRequest.h; sourceTree = "<group>"; };
		4BD2CA24DC056020856F3AB2 /* BNCLocalization.m */ = {isa = PBXFileReference; includeInIndex = 1; lastKnownFileType = sourcecode.c.objc; path = BNCLocalization.m; sourceTree = "<group>"; };
		4D3C1766BE806B58257CF78D /* BranchOpenRequest.m */ = {isa = PBXFileReference; includeInIndex = 1; lastKnownFileType = sourcecode.c.objc; path = BranchOpenRequest.m; sourceTree = "<group>"; };
		50592A93243633366CD212BA /* BNCServerRequestQueue.m */ = {isa = PBXFileReference; includeInIndex = 1; lastKnownFileType = sourcecode.c.objc; path = BNCServerRequestQueue.m; sourceTree = "<group>"; };
		6B2AF911D2669F508E47D44C /* BNCNetworkService.h */ = {isa = PBXFileReference; includeInIndex = 1; lastKnownFileType = sourcecode.c.h; path = BNCNetworkService.h; sourceTree = "<group>"; };
		6CA01BEE9FB2E8F281DFAFE3 /* BranchRegisterViewRequest.h */ = {isa = PBXFileReference; includeInIndex = 1; lastKnownFileType = sourcecode.c.h; path = BranchRegisterViewRequest.h; sourceTree = "<group>"; };
		70629A00A9ED8B30A06C8B8B /* BNCNetworkService.m */ = {isa = PBXFileReference; includeInIndex = 1; lastKnownFileType = sourcecode.c.objc; path = BNCNetworkService.m; sourceTree = "<group>"; };
		70EEAA4A9F4468D5D787DB36 /* BNCServerRequest.m */ = {isa = PBXFileReference; includeInIndex = 1; lastKnownFileType = sourcecode.c.objc; path = BNCServerRequest.m; sourceTree = "<group>"; };
		7AA86F76227E6DE06C4E7F9E /* BNCServerRequest.h */ = {isa = PBXFileReference; includeInIndex = 1; lastKnownFileType = sourcecode.c.h; path = BNCServerRequest.h; sourceTree = "<group>"; };
		7B1CBF2E1EE8B4C6002E5D0D /* RNBranchConfig.h */ = {isa = PBXFileReference; fileEncoding = 4; lastKnownFileType = sourcecode.c.h; path = RNBranchConfig.h; sourceTree = "<group>"; };
		7B1CBF2F1EE8B4C6002E5D0D /* RNBranchConfig.m */ = {isa = PBXFileReference; fileEncoding = 4; lastKnownFileType = sourcecode.c.objc; path = RNBranchConfig.m; sourceTree = "<group>"; };
		7B1D334E1E410DD200755B98 /* BranchLinkProperties+RNBranch.h */ = {isa = PBXFileReference; fileEncoding = 4; lastKnownFileType = sourcecode.c.h; path = "BranchLinkProperties+RNBranch.h"; sourceTree = "<group>"; };
		7B1D334F1E410DD200755B98 /* BranchLinkProperties+RNBranch.m */ = {isa = PBXFileReference; fileEncoding = 4; lastKnownFileType = sourcecode.c.objc; path = "BranchLinkProperties+RNBranch.m"; sourceTree = "<group>"; };
		7B1D33501E410DD200755B98 /* BranchUniversalObject+RNBranch.h */ = {isa = PBXFileReference; fileEncoding = 4; lastKnownFileType = sourcecode.c.h; path = "BranchUniversalObject+RNBranch.h"; sourceTree = "<group>"; };
		7B1D33511E410DD200755B98 /* BranchUniversalObject+RNBranch.m */ = {isa = PBXFileReference; fileEncoding = 4; lastKnownFileType = sourcecode.c.objc; path = "BranchUniversalObject+RNBranch.m"; sourceTree = "<group>"; };
		7B1D33521E410DD200755B98 /* NSObject+RNBranch.h */ = {isa = PBXFileReference; fileEncoding = 4; lastKnownFileType = sourcecode.c.h; path = "NSObject+RNBranch.h"; sourceTree = "<group>"; };
		7B1D33531E410DD200755B98 /* NSObject+RNBranch.m */ = {isa = PBXFileReference; fileEncoding = 4; lastKnownFileType = sourcecode.c.objc; path = "NSObject+RNBranch.m"; sourceTree = "<group>"; };
		7B1D33541E410DD200755B98 /* RNBranchProperty.h */ = {isa = PBXFileReference; fileEncoding = 4; lastKnownFileType = sourcecode.c.h; path = RNBranchProperty.h; sourceTree = "<group>"; };
		7B1D33551E410DD200755B98 /* RNBranchProperty.m */ = {isa = PBXFileReference; fileEncoding = 4; lastKnownFileType = sourcecode.c.objc; path = RNBranchProperty.m; sourceTree = "<group>"; };
		7B22C6161F34D883001F4C18 /* BNCDeepLinkViewControllerInstance.h */ = {isa = PBXFileReference; fileEncoding = 4; lastKnownFileType = sourcecode.c.h; path = BNCDeepLinkViewControllerInstance.h; sourceTree = "<group>"; };
		7B22C6171F34D884001F4C18 /* BNCDeepLinkViewControllerInstance.m */ = {isa = PBXFileReference; fileEncoding = 4; lastKnownFileType = sourcecode.c.objc; path = BNCDeepLinkViewControllerInstance.m; sourceTree = "<group>"; };
		7B22C6191F34D884001F4C18 /* BNCServerRequest.h */ = {isa = PBXFileReference; fileEncoding = 4; lastKnownFileType = sourcecode.c.h; path = BNCServerRequest.h; sourceTree = "<group>"; };
		7B22C61B1F34D884001F4C18 /* BranchCloseRequest.h */ = {isa = PBXFileReference; fileEncoding = 4; lastKnownFileType = sourcecode.c.h; path = BranchCloseRequest.h; sourceTree = "<group>"; };
		7B22C61D1F34D884001F4C18 /* BranchCreditHistoryRequest.h */ = {isa = PBXFileReference; fileEncoding = 4; lastKnownFileType = sourcecode.c.h; path = BranchCreditHistoryRequest.h; sourceTree = "<group>"; };
		7B22C61F1F34D884001F4C18 /* BranchInstallRequest.h */ = {isa = PBXFileReference; fileEncoding = 4; lastKnownFileType = sourcecode.c.h; path = BranchInstallRequest.h; sourceTree = "<group>"; };
		7B22C6211F34D884001F4C18 /* BranchLoadRewardsRequest.h */ = {isa = PBXFileReference; fileEncoding = 4; lastKnownFileType = sourcecode.c.h; path = BranchLoadRewardsRequest.h; sourceTree = "<group>"; };
		7B22C6231F34D884001F4C18 /* BranchLogoutRequest.h */ = {isa = PBXFileReference; fileEncoding = 4; lastKnownFileType = sourcecode.c.h; path = BranchLogoutRequest.h; sourceTree = "<group>"; };
		7B22C6251F34D884001F4C18 /* BranchOpenRequest.h */ = {isa = PBXFileReference; fileEncoding = 4; lastKnownFileType = sourcecode.c.h; path = BranchOpenRequest.h; sourceTree = "<group>"; };
		7B22C6271F34D884001F4C18 /* BranchRedeemRewardsRequest.h */ = {isa = PBXFileReference; fileEncoding = 4; lastKnownFileType = sourcecode.c.h; path = BranchRedeemRewardsRequest.h; sourceTree = "<group>"; };
		7B22C6291F34D884001F4C18 /* BranchRegisterViewRequest.h */ = {isa = PBXFileReference; fileEncoding = 4; lastKnownFileType = sourcecode.c.h; path = BranchRegisterViewRequest.h; sourceTree = "<group>"; };
		7B22C62B1F34D884001F4C18 /* BranchSetIdentityRequest.h */ = {isa = PBXFileReference; fileEncoding = 4; lastKnownFileType = sourcecode.c.h; path = BranchSetIdentityRequest.h; sourceTree = "<group>"; };
		7B22C62D1F34D884001F4C18 /* BranchShortUrlRequest.h */ = {isa = PBXFileReference; fileEncoding = 4; lastKnownFileType = sourcecode.c.h; path = BranchShortUrlRequest.h; sourceTree = "<group>"; };
		7B22C62F1F34D884001F4C18 /* BranchShortUrlSyncRequest.h */ = {isa = PBXFileReference; fileEncoding = 4; lastKnownFileType = sourcecode.c.h; path = BranchShortUrlSyncRequest.h; sourceTree = "<group>"; };
		7B22C6311F34D884001F4C18 /* BranchSpotlightUrlRequest.h */ = {isa = PBXFileReference; fileEncoding = 4; lastKnownFileType = sourcecode.c.h; path = BranchSpotlightUrlRequest.h; sourceTree = "<group>"; };
		7B22C6331F34D884001F4C18 /* BranchUserCompletedActionRequest.h */ = {isa = PBXFileReference; fileEncoding = 4; lastKnownFileType = sourcecode.c.h; path = BranchUserCompletedActionRequest.h; sourceTree = "<group>"; };
		7B22C6351F34D884001F4C18 /* PromoViewHandler.h */ = {isa = PBXFileReference; fileEncoding = 4; lastKnownFileType = sourcecode.c.h; path = PromoViewHandler.h; sourceTree = "<group>"; };
		7B2322921E8DDC84009B3BF6 /* BNCDebug.h */ = {isa = PBXFileReference; fileEncoding = 4; lastKnownFileType = sourcecode.c.h; path = BNCDebug.h; sourceTree = "<group>"; };
		7B2322931E8DDC84009B3BF6 /* BNCDebug.m */ = {isa = PBXFileReference; fileEncoding = 4; lastKnownFileType = sourcecode.c.objc; path = BNCDebug.m; sourceTree = "<group>"; };
		7B2322941E8DDC84009B3BF6 /* BNCLog.h */ = {isa = PBXFileReference; fileEncoding = 4; lastKnownFileType = sourcecode.c.h; path = BNCLog.h; sourceTree = "<group>"; };
		7B2322951E8DDC84009B3BF6 /* BNCLog.m */ = {isa = PBXFileReference; fileEncoding = 4; lastKnownFileType = sourcecode.c.objc; path = BNCLog.m; sourceTree = "<group>"; };
		7B2322961E8DDC84009B3BF6 /* BranchShareLink.h */ = {isa = PBXFileReference; fileEncoding = 4; lastKnownFileType = sourcecode.c.h; path = BranchShareLink.h; sourceTree = "<group>"; };
		7B2322971E8DDC84009B3BF6 /* BranchShareLink.m */ = {isa = PBXFileReference; fileEncoding = 4; lastKnownFileType = sourcecode.c.objc; path = BranchShareLink.m; sourceTree = "<group>"; };
		7B2322981E8DDC84009B3BF6 /* NSString+Branch.h */ = {isa = PBXFileReference; fileEncoding = 4; lastKnownFileType = sourcecode.c.h; path = "NSString+Branch.h"; sourceTree = "<group>"; };
		7B2322991E8DDC84009B3BF6 /* NSString+Branch.m */ = {isa = PBXFileReference; fileEncoding = 4; lastKnownFileType = sourcecode.c.objc; path = "NSString+Branch.m"; sourceTree = "<group>"; };
		7B3B274E1E707CD7003ABDF4 /* RNBranchAgingItem.h */ = {isa = PBXFileReference; fileEncoding = 4; lastKnownFileType = sourcecode.c.h; path = RNBranchAgingItem.h; sourceTree = "<group>"; };
		7B3B274F1E707CD7003ABDF4 /* RNBranchAgingItem.m */ = {isa = PBXFileReference; fileEncoding = 4; lastKnownFileType = sourcecode.c.objc; path = RNBranchAgingItem.m; sourceTree = "<group>"; };
		7B3B27521E707CF5003ABDF4 /* RNBranchAgingDictionary.h */ = {isa = PBXFileReference; fileEncoding = 4; lastKnownFileType = sourcecode.c.h; path = RNBranchAgingDictionary.h; sourceTree = "<group>"; };
		7B3B27531E707CF5003ABDF4 /* RNBranchAgingDictionary.m */ = {isa = PBXFileReference; fileEncoding = 4; lastKnownFileType = sourcecode.c.objc; path = RNBranchAgingDictionary.m; sourceTree = "<group>"; };
		7B7C4C641E6633C900A27265 /* BNCCallbacks.h */ = {isa = PBXFileReference; fileEncoding = 4; lastKnownFileType = sourcecode.c.h; path = BNCCallbacks.h; sourceTree = "<group>"; };
		7B7C4C651E6633C900A27265 /* BNCCommerceEvent.h */ = {isa = PBXFileReference; fileEncoding = 4; lastKnownFileType = sourcecode.c.h; path = BNCCommerceEvent.h; sourceTree = "<group>"; };
		7B7C4C661E6633C900A27265 /* BNCCommerceEvent.m */ = {isa = PBXFileReference; fileEncoding = 4; lastKnownFileType = sourcecode.c.objc; path = BNCCommerceEvent.m; sourceTree = "<group>"; };
		7B7C4C671E6633C900A27265 /* BNCConfig.h */ = {isa = PBXFileReference; fileEncoding = 4; lastKnownFileType = sourcecode.c.h; path = BNCConfig.h; sourceTree = "<group>"; };
		7B7C4C681E6633C900A27265 /* BNCConfig.m */ = {isa = PBXFileReference; fileEncoding = 4; lastKnownFileType = sourcecode.c.objc; path = BNCConfig.m; sourceTree = "<group>"; };
		7B7C4C691E6633C900A27265 /* BNCContentDiscoveryManager.h */ = {isa = PBXFileReference; fileEncoding = 4; lastKnownFileType = sourcecode.c.h; path = BNCContentDiscoveryManager.h; sourceTree = "<group>"; };
		7B7C4C6A1E6633C900A27265 /* BNCContentDiscoveryManager.m */ = {isa = PBXFileReference; fileEncoding = 4; lastKnownFileType = sourcecode.c.objc; path = BNCContentDiscoveryManager.m; sourceTree = "<group>"; };
		7B7C4C6B1E6633C900A27265 /* BNCDeviceInfo.h */ = {isa = PBXFileReference; fileEncoding = 4; lastKnownFileType = sourcecode.c.h; path = BNCDeviceInfo.h; sourceTree = "<group>"; };
		7B7C4C6C1E6633C900A27265 /* BNCDeviceInfo.m */ = {isa = PBXFileReference; fileEncoding = 4; lastKnownFileType = sourcecode.c.objc; path = BNCDeviceInfo.m; sourceTree = "<group>"; };
		7B7C4C6D1E6633C900A27265 /* BNCEncodingUtils.h */ = {isa = PBXFileReference; fileEncoding = 4; lastKnownFileType = sourcecode.c.h; path = BNCEncodingUtils.h; sourceTree = "<group>"; };
		7B7C4C6E1E6633C900A27265 /* BNCEncodingUtils.m */ = {isa = PBXFileReference; fileEncoding = 4; lastKnownFileType = sourcecode.c.objc; path = BNCEncodingUtils.m; sourceTree = "<group>"; };
		7B7C4C6F1E6633C900A27265 /* BNCError.h */ = {isa = PBXFileReference; fileEncoding = 4; lastKnownFileType = sourcecode.c.h; path = BNCError.h; sourceTree = "<group>"; };
		7B7C4C701E6633C900A27265 /* BNCError.m */ = {isa = PBXFileReference; fileEncoding = 4; lastKnownFileType = sourcecode.c.objc; path = BNCError.m; sourceTree = "<group>"; };
		7B7C4C711E6633C900A27265 /* BNCFabricAnswers.h */ = {isa = PBXFileReference; fileEncoding = 4; lastKnownFileType = sourcecode.c.h; path = BNCFabricAnswers.h; sourceTree = "<group>"; };
		7B7C4C721E6633C900A27265 /* BNCFabricAnswers.m */ = {isa = PBXFileReference; fileEncoding = 4; lastKnownFileType = sourcecode.c.objc; path = BNCFabricAnswers.m; sourceTree = "<group>"; };
		7B7C4C731E6633C900A27265 /* BNCLinkCache.h */ = {isa = PBXFileReference; fileEncoding = 4; lastKnownFileType = sourcecode.c.h; path = BNCLinkCache.h; sourceTree = "<group>"; };
		7B7C4C741E6633C900A27265 /* BNCLinkCache.m */ = {isa = PBXFileReference; fileEncoding = 4; lastKnownFileType = sourcecode.c.objc; path = BNCLinkCache.m; sourceTree = "<group>"; };
		7B7C4C751E6633C900A27265 /* BNCLinkData.h */ = {isa = PBXFileReference; fileEncoding = 4; lastKnownFileType = sourcecode.c.h; path = BNCLinkData.h; sourceTree = "<group>"; };
		7B7C4C761E6633C900A27265 /* BNCLinkData.m */ = {isa = PBXFileReference; fileEncoding = 4; lastKnownFileType = sourcecode.c.objc; path = BNCLinkData.m; sourceTree = "<group>"; };
		7B7C4C771E6633C900A27265 /* BNCPreferenceHelper.h */ = {isa = PBXFileReference; fileEncoding = 4; lastKnownFileType = sourcecode.c.h; path = BNCPreferenceHelper.h; sourceTree = "<group>"; };
		7B7C4C781E6633C900A27265 /* BNCPreferenceHelper.m */ = {isa = PBXFileReference; fileEncoding = 4; lastKnownFileType = sourcecode.c.objc; path = BNCPreferenceHelper.m; sourceTree = "<group>"; };
		7B7C4C7F1E6633C900A27265 /* BNCStrongMatchHelper.h */ = {isa = PBXFileReference; fileEncoding = 4; lastKnownFileType = sourcecode.c.h; path = BNCStrongMatchHelper.h; sourceTree = "<group>"; };
		7B7C4C801E6633C900A27265 /* BNCStrongMatchHelper.m */ = {isa = PBXFileReference; fileEncoding = 4; lastKnownFileType = sourcecode.c.objc; path = BNCStrongMatchHelper.m; sourceTree = "<group>"; };
		7B7C4C811E6633C900A27265 /* BNCSystemObserver.h */ = {isa = PBXFileReference; fileEncoding = 4; lastKnownFileType = sourcecode.c.h; path = BNCSystemObserver.h; sourceTree = "<group>"; };
		7B7C4C821E6633C900A27265 /* BNCSystemObserver.m */ = {isa = PBXFileReference; fileEncoding = 4; lastKnownFileType = sourcecode.c.objc; path = BNCSystemObserver.m; sourceTree = "<group>"; };
		7B7C4C831E6633C900A27265 /* BNCXcode7Support.h */ = {isa = PBXFileReference; fileEncoding = 4; lastKnownFileType = sourcecode.c.h; path = BNCXcode7Support.h; sourceTree = "<group>"; };
		7B7C4C841E6633C900A27265 /* BNCXcode7Support.m */ = {isa = PBXFileReference; fileEncoding = 4; lastKnownFileType = sourcecode.c.objc; path = BNCXcode7Support.m; sourceTree = "<group>"; };
		7B7C4C851E6633C900A27265 /* Branch-SDK-Prefix.pch */ = {isa = PBXFileReference; fileEncoding = 4; lastKnownFileType = sourcecode.c.h; path = "Branch-SDK-Prefix.pch"; sourceTree = "<group>"; };
		7B7C4C861E6633C900A27265 /* Branch.h */ = {isa = PBXFileReference; fileEncoding = 4; lastKnownFileType = sourcecode.c.h; path = Branch.h; sourceTree = "<group>"; };
		7B7C4C871E6633C900A27265 /* Branch.m */ = {isa = PBXFileReference; fileEncoding = 4; lastKnownFileType = sourcecode.c.objc; path = Branch.m; sourceTree = "<group>"; };
		7B7C4C881E6633C900A27265 /* BranchActivityItemProvider.h */ = {isa = PBXFileReference; fileEncoding = 4; lastKnownFileType = sourcecode.c.h; path = BranchActivityItemProvider.h; sourceTree = "<group>"; };
		7B7C4C891E6633C900A27265 /* BranchActivityItemProvider.m */ = {isa = PBXFileReference; fileEncoding = 4; lastKnownFileType = sourcecode.c.objc; path = BranchActivityItemProvider.m; sourceTree = "<group>"; };
		7B7C4C8A1E6633C900A27265 /* BranchConstants.h */ = {isa = PBXFileReference; fileEncoding = 4; lastKnownFileType = sourcecode.c.h; path = BranchConstants.h; sourceTree = "<group>"; };
		7B7C4C8B1E6633C900A27265 /* BranchConstants.m */ = {isa = PBXFileReference; fileEncoding = 4; lastKnownFileType = sourcecode.c.objc; path = BranchConstants.m; sourceTree = "<group>"; };
		7B7C4C8C1E6633C900A27265 /* BranchContentDiscoverer.h */ = {isa = PBXFileReference; fileEncoding = 4; lastKnownFileType = sourcecode.c.h; path = BranchContentDiscoverer.h; sourceTree = "<group>"; };
		7B7C4C8D1E6633C900A27265 /* BranchContentDiscoverer.m */ = {isa = PBXFileReference; fileEncoding = 4; lastKnownFileType = sourcecode.c.objc; path = BranchContentDiscoverer.m; sourceTree = "<group>"; };
		7B7C4C8E1E6633C900A27265 /* BranchContentDiscoveryManifest.h */ = {isa = PBXFileReference; fileEncoding = 4; lastKnownFileType = sourcecode.c.h; path = BranchContentDiscoveryManifest.h; sourceTree = "<group>"; };
		7B7C4C8F1E6633C900A27265 /* BranchContentDiscoveryManifest.m */ = {isa = PBXFileReference; fileEncoding = 4; lastKnownFileType = sourcecode.c.objc; path = BranchContentDiscoveryManifest.m; sourceTree = "<group>"; };
		7B7C4C901E6633C900A27265 /* BranchContentPathProperties.h */ = {isa = PBXFileReference; fileEncoding = 4; lastKnownFileType = sourcecode.c.h; path = BranchContentPathProperties.h; sourceTree = "<group>"; };
		7B7C4C911E6633C900A27265 /* BranchContentPathProperties.m */ = {isa = PBXFileReference; fileEncoding = 4; lastKnownFileType = sourcecode.c.objc; path = BranchContentPathProperties.m; sourceTree = "<group>"; };
		7B7C4C921E6633C900A27265 /* BranchCSSearchableItemAttributeSet.h */ = {isa = PBXFileReference; fileEncoding = 4; lastKnownFileType = sourcecode.c.h; path = BranchCSSearchableItemAttributeSet.h; sourceTree = "<group>"; };
		7B7C4C931E6633C900A27265 /* BranchCSSearchableItemAttributeSet.m */ = {isa = PBXFileReference; fileEncoding = 4; lastKnownFileType = sourcecode.c.objc; path = BranchCSSearchableItemAttributeSet.m; sourceTree = "<group>"; };
		7B7C4C941E6633C900A27265 /* BranchDeepLinkingController.h */ = {isa = PBXFileReference; fileEncoding = 4; lastKnownFileType = sourcecode.c.h; path = BranchDeepLinkingController.h; sourceTree = "<group>"; };
		7B7C4C951E6633C900A27265 /* BranchLinkProperties.h */ = {isa = PBXFileReference; fileEncoding = 4; lastKnownFileType = sourcecode.c.h; path = BranchLinkProperties.h; sourceTree = "<group>"; };
		7B7C4C961E6633C900A27265 /* BranchLinkProperties.m */ = {isa = PBXFileReference; fileEncoding = 4; lastKnownFileType = sourcecode.c.objc; path = BranchLinkProperties.m; sourceTree = "<group>"; };
		7B7C4C971E6633C900A27265 /* BranchUniversalObject.h */ = {isa = PBXFileReference; fileEncoding = 4; lastKnownFileType = sourcecode.c.h; path = BranchUniversalObject.h; sourceTree = "<group>"; };
		7B7C4C981E6633C900A27265 /* BranchUniversalObject.m */ = {isa = PBXFileReference; fileEncoding = 4; lastKnownFileType = sourcecode.c.objc; path = BranchUniversalObject.m; sourceTree = "<group>"; };
		7B7C4C991E6633CA00A27265 /* BranchView.h */ = {isa = PBXFileReference; fileEncoding = 4; lastKnownFileType = sourcecode.c.h; path = BranchView.h; sourceTree = "<group>"; };
		7B7C4C9A1E6633CA00A27265 /* BranchView.m */ = {isa = PBXFileReference; fileEncoding = 4; lastKnownFileType = sourcecode.c.objc; path = BranchView.m; sourceTree = "<group>"; };
		7B7C4C9B1E6633CA00A27265 /* BranchViewHandler.h */ = {isa = PBXFileReference; fileEncoding = 4; lastKnownFileType = sourcecode.c.h; path = BranchViewHandler.h; sourceTree = "<group>"; };
		7B7C4C9C1E6633CA00A27265 /* BranchViewHandler.m */ = {isa = PBXFileReference; fileEncoding = 4; lastKnownFileType = sourcecode.c.objc; path = BranchViewHandler.m; sourceTree = "<group>"; };
		7B7C4C9D1E6633CA00A27265 /* NSMutableDictionary+Branch.h */ = {isa = PBXFileReference; fileEncoding = 4; lastKnownFileType = sourcecode.c.h; path = "NSMutableDictionary+Branch.h"; sourceTree = "<group>"; };
		7B7C4C9E1E6633CA00A27265 /* NSMutableDictionary+Branch.m */ = {isa = PBXFileReference; fileEncoding = 4; lastKnownFileType = sourcecode.c.objc; path = "NSMutableDictionary+Branch.m"; sourceTree = "<group>"; };
		7B7C4CBE1E6633CA00A27265 /* ANSCompatibility.h */ = {isa = PBXFileReference; fileEncoding = 4; lastKnownFileType = sourcecode.c.h; path = ANSCompatibility.h; sourceTree = "<group>"; };
		7B7C4CBF1E6633CA00A27265 /* Answers.h */ = {isa = PBXFileReference; fileEncoding = 4; lastKnownFileType = sourcecode.c.h; path = Answers.h; sourceTree = "<group>"; };
		7B7C4CC01E6633CA00A27265 /* FABAttributes.h */ = {isa = PBXFileReference; fileEncoding = 4; lastKnownFileType = sourcecode.c.h; path = FABAttributes.h; sourceTree = "<group>"; };
		7B7C4CC11E6633CA00A27265 /* FABKitProtocol.h */ = {isa = PBXFileReference; fileEncoding = 4; lastKnownFileType = sourcecode.c.h; path = FABKitProtocol.h; sourceTree = "<group>"; };
		7B7C4CC21E6633CA00A27265 /* Fabric+FABKits.h */ = {isa = PBXFileReference; fileEncoding = 4; lastKnownFileType = sourcecode.c.h; path = "Fabric+FABKits.h"; sourceTree = "<group>"; };
		7B7C4CC31E6633CA00A27265 /* Fabric.h */ = {isa = PBXFileReference; fileEncoding = 4; lastKnownFileType = sourcecode.c.h; path = Fabric.h; sourceTree = "<group>"; };
		7B9654531E96E328009C3CEE /* RNBranchEventEmitter.h */ = {isa = PBXFileReference; fileEncoding = 4; lastKnownFileType = sourcecode.c.h; path = RNBranchEventEmitter.h; sourceTree = "<group>"; };
		7B9654541E96E328009C3CEE /* RNBranchEventEmitter.m */ = {isa = PBXFileReference; fileEncoding = 4; lastKnownFileType = sourcecode.c.objc; path = RNBranchEventEmitter.m; sourceTree = "<group>"; };
		7BD0D7C838E555E1DABF8502 /* BranchUserCompletedActionRequest.h */ = {isa = PBXFileReference; includeInIndex = 1; lastKnownFileType = sourcecode.c.h; path = BranchUserCompletedActionRequest.h; sourceTree = "<group>"; };
		80A936988D6C6FB7EAA33750 /* BranchCloseRequest.h */ = {isa = PBXFileReference; includeInIndex = 1; lastKnownFileType = sourcecode.c.h; path = BranchCloseRequest.h; sourceTree = "<group>"; };
		8BE6962C82B84884F8F0B126 /* BNCServerResponse.h */ = {isa = PBXFileReference; includeInIndex = 1; lastKnownFileType = sourcecode.c.h; path = BNCServerResponse.h; sourceTree = "<group>"; };
		8D89D2AF799D3606D4A74F4C /* BNCServerInterface.m */ = {isa = PBXFileReference; includeInIndex = 1; lastKnownFileType = sourcecode.c.objc; path = BNCServerInterface.m; sourceTree = "<group>"; };
		97FFAEB3748BBB8FD7E3CFC8 /* BranchLogoutRequest.h */ = {isa = PBXFileReference; includeInIndex = 1; lastKnownFileType = sourcecode.c.h; path = BranchLogoutRequest.h; sourceTree = "<group>"; };
		9A19A5755BB859D9EA1AFEA1 /* BranchUserCompletedActionRequest.m */ = {isa = PBXFileReference; includeInIndex = 1; lastKnownFileType = sourcecode.c.objc; path = BranchUserCompletedActionRequest.m; sourceTree = "<group>"; };
		9AA0AA9072FF28FEC39DDB41 /* BranchLoadRewardsRequest.m */ = {isa = PBXFileReference; includeInIndex = 1; lastKnownFileType = sourcecode.c.objc; path = BranchLoadRewardsRequest.m; sourceTree = "<group>"; };
		9F11FABC7D0ED8DB062272A6 /* BNCNetworkServiceProtocol.h */ = {isa = PBXFileReference; includeInIndex = 1; lastKnownFileType = sourcecode.c.h; path = BNCNetworkServiceProtocol.h; sourceTree = "<group>"; };
		A4CD4583B25FE1D662B6CB96 /* BranchInstallRequest.m */ = {isa = PBXFileReference; includeInIndex = 1; lastKnownFileType = sourcecode.c.objc; path = BranchInstallRequest.m; sourceTree = "<group>"; };
		A59DB9B6E822280DCA773F9C /* BranchSetIdentityRequest.h */ = {isa = PBXFileReference; includeInIndex = 1; lastKnownFileType = sourcecode.c.h; path = BranchSetIdentityRequest.h; sourceTree = "<group>"; };
		B3A3CC361C5B0A070016AC52 /* libreact-native-branch.a */ = {isa = PBXFileReference; explicitFileType = archive.ar; includeInIndex = 0; path = "libreact-native-branch.a"; sourceTree = BUILT_PRODUCTS_DIR; };
		B6D691AD3C7F631350B0A7B6 /* BranchSetIdentityRequest.m */ = {isa = PBXFileReference; includeInIndex = 1; lastKnownFileType = sourcecode.c.objc; path = BranchSetIdentityRequest.m; sourceTree = "<group>"; };
		B7B666C01910AE87C54636D6 /* BranchRedeemRewardsRequest.h */ = {isa = PBXFileReference; includeInIndex = 1; lastKnownFileType = sourcecode.c.h; path = BranchRedeemRewardsRequest.h; sourceTree = "<group>"; };
		C5F70DEF92065B4993E18190 /* BNCCrashlyticsWrapper.h */ = {isa = PBXFileReference; includeInIndex = 1; lastKnownFileType = sourcecode.c.h; path = BNCCrashlyticsWrapper.h; sourceTree = "<group>"; };
		CD73E6E6FF60D5E4B33FC5B6 /* BranchShortUrlRequest.h */ = {isa = PBXFileReference; includeInIndex = 1; lastKnownFileType = sourcecode.c.h; path = BranchShortUrlRequest.h; sourceTree = "<group>"; };
		DE28485128AE757C83CDBDF2 /* BNCLocalization.h */ = {isa = PBXFileReference; includeInIndex = 1; lastKnownFileType = sourcecode.c.h; path = BNCLocalization.h; sourceTree = "<group>"; };
		DEBEB0C4602A12EB3E8F5304 /* BranchLogoutRequest.m */ = {isa = PBXFileReference; includeInIndex = 1; lastKnownFileType = sourcecode.c.objc; path = BranchLogoutRequest.m; sourceTree = "<group>"; };
		F047536A43B15B620659B02A /* BNCServerResponse.m */ = {isa = PBXFileReference; includeInIndex = 1; lastKnownFileType = sourcecode.c.objc; path = BNCServerResponse.m; sourceTree = "<group>"; };
		F489799AE58F9B05053FF4D8 /* BranchRedeemRewardsRequest.m */ = {isa = PBXFileReference; includeInIndex = 1; lastKnownFileType = sourcecode.c.objc; path = BranchRedeemRewardsRequest.m; sourceTree = "<group>"; };
		F68815134A2A0F13F2EB2815 /* BNCCrashlyticsWrapper.m */ = {isa = PBXFileReference; includeInIndex = 1; lastKnownFileType = sourcecode.c.objc; path = BNCCrashlyticsWrapper.m; sourceTree = "<group>"; };
/* End PBXFileReference section */

/* Begin PBXFrameworksBuildPhase section */
		B3A3CC331C5B0A070016AC52 /* Frameworks */ = {
			isa = PBXFrameworksBuildPhase;
			buildActionMask = 2147483647;
			files = (
			);
			runOnlyForDeploymentPostprocessing = 0;
		};
/* End PBXFrameworksBuildPhase section */

/* Begin PBXGroup section */
		1BAD49DDEB2CEA1E3BDD9D36 /* Requests */ = {
			isa = PBXGroup;
			children = (
				80A936988D6C6FB7EAA33750 /* BranchCloseRequest.h */,
				343E95280BAC9E9B2F0DD5FD /* BranchCloseRequest.m */,
				4898715B104655BB5335C36C /* BranchCreditHistoryRequest.h */,
				0CAA0AE1B6F91D3AE93F2675 /* BranchCreditHistoryRequest.m */,
				082CCDE40A953D0175530A0B /* BranchInstallRequest.h */,
				A4CD4583B25FE1D662B6CB96 /* BranchInstallRequest.m */,
				2D7E6BBD6F320CBF38F21218 /* BranchLoadRewardsRequest.h */,
				9AA0AA9072FF28FEC39DDB41 /* BranchLoadRewardsRequest.m */,
				97FFAEB3748BBB8FD7E3CFC8 /* BranchLogoutRequest.h */,
				DEBEB0C4602A12EB3E8F5304 /* BranchLogoutRequest.m */,
				0BE9B2664DA96132DA1D6D21 /* BranchOpenRequest.h */,
				4D3C1766BE806B58257CF78D /* BranchOpenRequest.m */,
				B7B666C01910AE87C54636D6 /* BranchRedeemRewardsRequest.h */,
				F489799AE58F9B05053FF4D8 /* BranchRedeemRewardsRequest.m */,
				6CA01BEE9FB2E8F281DFAFE3 /* BranchRegisterViewRequest.h */,
				418C33EEFAD606945FE350F7 /* BranchRegisterViewRequest.m */,
				A59DB9B6E822280DCA773F9C /* BranchSetIdentityRequest.h */,
				B6D691AD3C7F631350B0A7B6 /* BranchSetIdentityRequest.m */,
				CD73E6E6FF60D5E4B33FC5B6 /* BranchShortUrlRequest.h */,
				27905544BFBA28CE4C50FAA6 /* BranchShortUrlRequest.m */,
				14435610F9040354E55EC93D /* BranchShortUrlSyncRequest.h */,
				47E0EEAFDC3A8714E2CB6646 /* BranchShortUrlSyncRequest.m */,
				1E5FD295D8E6D8C6A34D0AC5 /* BranchSpotlightUrlRequest.h */,
				23C256474A9E3E1442886583 /* BranchSpotlightUrlRequest.m */,
				7BD0D7C838E555E1DABF8502 /* BranchUserCompletedActionRequest.h */,
				9A19A5755BB859D9EA1AFEA1 /* BranchUserCompletedActionRequest.m */,
			);
			name = Requests;
			path = Requests;
			sourceTree = "<group>";
		};
		7B7C4C621E6633C900A27265 /* Branch-SDK */ = {
			isa = PBXGroup;
			children = (
				7B7C4C631E6633C900A27265 /* Branch-SDK */,
				7B7C4CBD1E6633CA00A27265 /* Fabric */,
			);
			path = "Branch-SDK";
			sourceTree = "<group>";
		};
		7B7C4C631E6633C900A27265 /* Branch-SDK */ = {
			isa = PBXGroup;
			children = (
				7B2322921E8DDC84009B3BF6 /* BNCDebug.h */,
				7B2322931E8DDC84009B3BF6 /* BNCDebug.m */,
				7B2322941E8DDC84009B3BF6 /* BNCLog.h */,
				7B2322951E8DDC84009B3BF6 /* BNCLog.m */,
				7B2322961E8DDC84009B3BF6 /* BranchShareLink.h */,
				7B2322971E8DDC84009B3BF6 /* BranchShareLink.m */,
				7B2322981E8DDC84009B3BF6 /* NSString+Branch.h */,
				7B2322991E8DDC84009B3BF6 /* NSString+Branch.m */,
				7B7C4C641E6633C900A27265 /* BNCCallbacks.h */,
				7B7C4C651E6633C900A27265 /* BNCCommerceEvent.h */,
				7B7C4C661E6633C900A27265 /* BNCCommerceEvent.m */,
				7B7C4C671E6633C900A27265 /* BNCConfig.h */,
				7B7C4C681E6633C900A27265 /* BNCConfig.m */,
				7B7C4C691E6633C900A27265 /* BNCContentDiscoveryManager.h */,
				7B7C4C6A1E6633C900A27265 /* BNCContentDiscoveryManager.m */,
				7B22C6161F34D883001F4C18 /* BNCDeepLinkViewControllerInstance.h */,
				7B22C6171F34D884001F4C18 /* BNCDeepLinkViewControllerInstance.m */,
				7B7C4C6B1E6633C900A27265 /* BNCDeviceInfo.h */,
				7B7C4C6C1E6633C900A27265 /* BNCDeviceInfo.m */,
				7B7C4C6D1E6633C900A27265 /* BNCEncodingUtils.h */,
				7B7C4C6E1E6633C900A27265 /* BNCEncodingUtils.m */,
				7B7C4C6F1E6633C900A27265 /* BNCError.h */,
				7B7C4C701E6633C900A27265 /* BNCError.m */,
				7B7C4C711E6633C900A27265 /* BNCFabricAnswers.h */,
				7B7C4C721E6633C900A27265 /* BNCFabricAnswers.m */,
				7B7C4C731E6633C900A27265 /* BNCLinkCache.h */,
				7B7C4C741E6633C900A27265 /* BNCLinkCache.m */,
				7B7C4C751E6633C900A27265 /* BNCLinkData.h */,
				7B7C4C761E6633C900A27265 /* BNCLinkData.m */,
				7B7C4C771E6633C900A27265 /* BNCPreferenceHelper.h */,
				7B7C4C781E6633C900A27265 /* BNCPreferenceHelper.m */,
				7B7C4C7F1E6633C900A27265 /* BNCStrongMatchHelper.h */,
				7B7C4C801E6633C900A27265 /* BNCStrongMatchHelper.m */,
				7B7C4C811E6633C900A27265 /* BNCSystemObserver.h */,
				7B7C4C821E6633C900A27265 /* BNCSystemObserver.m */,
				7B7C4C831E6633C900A27265 /* BNCXcode7Support.h */,
				7B7C4C841E6633C900A27265 /* BNCXcode7Support.m */,
				7B7C4C851E6633C900A27265 /* Branch-SDK-Prefix.pch */,
				7B7C4C861E6633C900A27265 /* Branch.h */,
				7B7C4C871E6633C900A27265 /* Branch.m */,
				7B7C4C881E6633C900A27265 /* BranchActivityItemProvider.h */,
				7B7C4C891E6633C900A27265 /* BranchActivityItemProvider.m */,
				7B7C4C8A1E6633C900A27265 /* BranchConstants.h */,
				7B7C4C8B1E6633C900A27265 /* BranchConstants.m */,
				7B7C4C8C1E6633C900A27265 /* BranchContentDiscoverer.h */,
				7B7C4C8D1E6633C900A27265 /* BranchContentDiscoverer.m */,
				7B7C4C8E1E6633C900A27265 /* BranchContentDiscoveryManifest.h */,
				7B7C4C8F1E6633C900A27265 /* BranchContentDiscoveryManifest.m */,
				7B7C4C901E6633C900A27265 /* BranchContentPathProperties.h */,
				7B7C4C911E6633C900A27265 /* BranchContentPathProperties.m */,
				7B7C4C921E6633C900A27265 /* BranchCSSearchableItemAttributeSet.h */,
				7B7C4C931E6633C900A27265 /* BranchCSSearchableItemAttributeSet.m */,
				7B7C4C941E6633C900A27265 /* BranchDeepLinkingController.h */,
				7B7C4C951E6633C900A27265 /* BranchLinkProperties.h */,
				7B7C4C961E6633C900A27265 /* BranchLinkProperties.m */,
				7B7C4C971E6633C900A27265 /* BranchUniversalObject.h */,
				7B7C4C981E6633C900A27265 /* BranchUniversalObject.m */,
				7B7C4C991E6633CA00A27265 /* BranchView.h */,
				7B7C4C9A1E6633CA00A27265 /* BranchView.m */,
				7B7C4C9B1E6633CA00A27265 /* BranchViewHandler.h */,
				7B7C4C9C1E6633CA00A27265 /* BranchViewHandler.m */,
				7B7C4C9D1E6633CA00A27265 /* NSMutableDictionary+Branch.h */,
				7B7C4C9E1E6633CA00A27265 /* NSMutableDictionary+Branch.m */,
				C5F70DEF92065B4993E18190 /* BNCCrashlyticsWrapper.h */,
				F68815134A2A0F13F2EB2815 /* BNCCrashlyticsWrapper.m */,
				DE28485128AE757C83CDBDF2 /* BNCLocalization.h */,
				4BD2CA24DC056020856F3AB2 /* BNCLocalization.m */,
				A6190041A3049D4E88E9729F /* Networking */,
			);
			path = "Branch-SDK";
			sourceTree = "<group>";
		};
		7B7C4CBD1E6633CA00A27265 /* Fabric */ = {
			isa = PBXGroup;
			children = (
				7B7C4CBE1E6633CA00A27265 /* ANSCompatibility.h */,
				7B7C4CBF1E6633CA00A27265 /* Answers.h */,
				7B7C4CC01E6633CA00A27265 /* FABAttributes.h */,
				7B7C4CC11E6633CA00A27265 /* FABKitProtocol.h */,
				7B7C4CC21E6633CA00A27265 /* Fabric+FABKits.h */,
				7B7C4CC31E6633CA00A27265 /* Fabric.h */,
			);
			path = Fabric;
			sourceTree = "<group>";
		};
		A6190041A3049D4E88E9729F /* Networking */ = {
			isa = PBXGroup;
			children = (
				6B2AF911D2669F508E47D44C /* BNCNetworkService.h */,
				70629A00A9ED8B30A06C8B8B /* BNCNetworkService.m */,
				9F11FABC7D0ED8DB062272A6 /* BNCNetworkServiceProtocol.h */,
				17009599913BCB57DDE8A1BC /* BNCServerInterface.h */,
				8D89D2AF799D3606D4A74F4C /* BNCServerInterface.m */,
				7AA86F76227E6DE06C4E7F9E /* BNCServerRequest.h */,
				70EEAA4A9F4468D5D787DB36 /* BNCServerRequest.m */,
				17526702BE450C84362FA0F3 /* BNCServerRequestQueue.h */,
				50592A93243633366CD212BA /* BNCServerRequestQueue.m */,
				8BE6962C82B84884F8F0B126 /* BNCServerResponse.h */,
				F047536A43B15B620659B02A /* BNCServerResponse.m */,
				1BAD49DDEB2CEA1E3BDD9D36 /* Requests */,
			);
			name = Networking;
			path = Networking;
			sourceTree = "<group>";
		};
		B3A3CC2D1C5B0A070016AC52 = {
			isa = PBXGroup;
			children = (
				7B7C4C621E6633C900A27265 /* Branch-SDK */,
				7B1D334E1E410DD200755B98 /* BranchLinkProperties+RNBranch.h */,
				7B1D334F1E410DD200755B98 /* BranchLinkProperties+RNBranch.m */,
				7B1D33501E410DD200755B98 /* BranchUniversalObject+RNBranch.h */,
				7B1D33511E410DD200755B98 /* BranchUniversalObject+RNBranch.m */,
				7B1D33521E410DD200755B98 /* NSObject+RNBranch.h */,
				7B1D33531E410DD200755B98 /* NSObject+RNBranch.m */,
				148030ED1CCDF9FA004ABEA4 /* RNBranch.h */,
				148030EE1CCDF9FA004ABEA4 /* RNBranch.m */,
				7B3B27521E707CF5003ABDF4 /* RNBranchAgingDictionary.h */,
				7B3B27531E707CF5003ABDF4 /* RNBranchAgingDictionary.m */,
				7B3B274E1E707CD7003ABDF4 /* RNBranchAgingItem.h */,
				7B3B274F1E707CD7003ABDF4 /* RNBranchAgingItem.m */,
				7B1CBF2E1EE8B4C6002E5D0D /* RNBranchConfig.h */,
				7B1CBF2F1EE8B4C6002E5D0D /* RNBranchConfig.m */,
				7B9654531E96E328009C3CEE /* RNBranchEventEmitter.h */,
				7B9654541E96E328009C3CEE /* RNBranchEventEmitter.m */,
				7B1D33541E410DD200755B98 /* RNBranchProperty.h */,
				7B1D33551E410DD200755B98 /* RNBranchProperty.m */,
			);
			sourceTree = "<group>";
		};
/* End PBXGroup section */

/* Begin PBXHeadersBuildPhase section */
		7B3FCB251E20625C008E38E2 /* Headers */ = {
			isa = PBXHeadersBuildPhase;
			buildActionMask = 2147483647;
			files = (
				7B7C4CC91E6633CA00A27265 /* BNCContentDiscoveryManager.h in Headers */,
				7B7C4CE51E6633CA00A27265 /* Branch-SDK-Prefix.pch in Headers */,
				7B22C6361F34D884001F4C18 /* BNCDeepLinkViewControllerInstance.h in Headers */,
				7B7C4CCF1E6633CA00A27265 /* BNCError.h in Headers */,
				7B7C4D1B1E6633CA00A27265 /* PromoViewHandler.h in Headers */,
				7B22C64A1F34D884001F4C18 /* BranchSetIdentityRequest.h in Headers */,
				7B7C4D201E6633CA00A27265 /* Fabric+FABKits.h in Headers */,
				7B7C4D111E6633CA00A27265 /* BranchSetIdentityRequest.h in Headers */,
				7B2322B81E8DDC84009B3BF6 /* BNCDebug.h in Headers */,
				7B7C4D1E1E6633CA00A27265 /* FABAttributes.h in Headers */,
				7B7C4D1F1E6633CA00A27265 /* FABKitProtocol.h in Headers */,
				7B7C4D011E6633CA00A27265 /* BranchCloseRequest.h in Headers */,
				7B22C64E1F34D884001F4C18 /* BranchShortUrlSyncRequest.h in Headers */,
				7B22C6521F34D884001F4C18 /* BranchUserCompletedActionRequest.h in Headers */,
				7B22C6461F34D884001F4C18 /* BranchRedeemRewardsRequest.h in Headers */,
				7B7C4CE31E6633CA00A27265 /* BNCXcode7Support.h in Headers */,
				7B3B27501E707CD7003ABDF4 /* RNBranchAgingItem.h in Headers */,
				7B2322BA1E8DDC84009B3BF6 /* BNCLog.h in Headers */,
				7B3FCB261E20626A008E38E2 /* RNBranch.h in Headers */,
				7B7C4CC41E6633CA00A27265 /* BNCCallbacks.h in Headers */,
				7B7C4CE11E6633CA00A27265 /* BNCSystemObserver.h in Headers */,
				7B7C4D0F1E6633CA00A27265 /* BranchRegisterViewRequest.h in Headers */,
				7B7C4CC71E6633CA00A27265 /* BNCConfig.h in Headers */,
				7B7C4CF01E6633CA00A27265 /* BranchContentPathProperties.h in Headers */,
				7B22C6421F34D884001F4C18 /* BranchLogoutRequest.h in Headers */,
				7B22C6441F34D884001F4C18 /* BranchOpenRequest.h in Headers */,
				7B7C4D131E6633CA00A27265 /* BranchShortUrlRequest.h in Headers */,
				7B7C4CEC1E6633CA00A27265 /* BranchContentDiscoverer.h in Headers */,
				7B2322BE1E8DDC84009B3BF6 /* NSString+Branch.h in Headers */,
				7B7C4CDB1E6633CA00A27265 /* BNCServerRequestQueue.h in Headers */,
				7B22C6541F34D884001F4C18 /* PromoViewHandler.h in Headers */,
				7B7C4CCB1E6633CA00A27265 /* BNCDeviceInfo.h in Headers */,
				7B7C4CD51E6633CA00A27265 /* BNCLinkData.h in Headers */,
				7B22C6501F34D884001F4C18 /* BranchSpotlightUrlRequest.h in Headers */,
				7B7C4D1D1E6633CA00A27265 /* Answers.h in Headers */,
				7B7C4D091E6633CA00A27265 /* BranchLogoutRequest.h in Headers */,
				7B7C4CF41E6633CA00A27265 /* BranchDeepLinkingController.h in Headers */,
				7B7C4CEE1E6633CA00A27265 /* BranchContentDiscoveryManifest.h in Headers */,
				7B1D33581E410DD200755B98 /* BranchUniversalObject+RNBranch.h in Headers */,
				7B7C4CE81E6633CA00A27265 /* BranchActivityItemProvider.h in Headers */,
				7B22C6401F34D884001F4C18 /* BranchLoadRewardsRequest.h in Headers */,
				7B2322BC1E8DDC84009B3BF6 /* BranchShareLink.h in Headers */,
				7B7C4CFF1E6633CA00A27265 /* BNCServerRequest.h in Headers */,
				7B22C6481F34D884001F4C18 /* BranchRegisterViewRequest.h in Headers */,
				7B7C4D1C1E6633CA00A27265 /* ANSCompatibility.h in Headers */,
				7B7C4D191E6633CA00A27265 /* BranchUserCompletedActionRequest.h in Headers */,
				7B7C4CF71E6633CA00A27265 /* BranchUniversalObject.h in Headers */,
				7B7C4D211E6633CA00A27265 /* Fabric.h in Headers */,
				7B7C4D151E6633CA00A27265 /* BranchShortUrlSyncRequest.h in Headers */,
				7B7C4CDF1E6633CA00A27265 /* BNCStrongMatchHelper.h in Headers */,
				7B7C4CF91E6633CA00A27265 /* BranchView.h in Headers */,
				7B7C4D031E6633CA00A27265 /* BranchCreditHistoryRequest.h in Headers */,
				7B7C4CC51E6633CA00A27265 /* BNCCommerceEvent.h in Headers */,
				7B7C4CD91E6633CA00A27265 /* BNCServerInterface.h in Headers */,
				7B7C4D071E6633CA00A27265 /* BranchLoadRewardsRequest.h in Headers */,
				7B7C4CEA1E6633CA00A27265 /* BranchConstants.h in Headers */,
				7B7C4CF51E6633CA00A27265 /* BranchLinkProperties.h in Headers */,
				7B1CBF301EE8B4C6002E5D0D /* RNBranchConfig.h in Headers */,
				7B1D335C1E410DD200755B98 /* RNBranchProperty.h in Headers */,
				7B1D335A1E410DD200755B98 /* NSObject+RNBranch.h in Headers */,
				7B7C4D0D1E6633CA00A27265 /* BranchRedeemRewardsRequest.h in Headers */,
				7B7C4CCD1E6633CA00A27265 /* BNCEncodingUtils.h in Headers */,
				7B22C64C1F34D884001F4C18 /* BranchShortUrlRequest.h in Headers */,
				7B7C4CD11E6633CA00A27265 /* BNCFabricAnswers.h in Headers */,
				7B7C4CDD1E6633CA00A27265 /* BNCServerResponse.h in Headers */,
				7B7C4CF21E6633CA00A27265 /* BranchCSSearchableItemAttributeSet.h in Headers */,
				7B22C63C1F34D884001F4C18 /* BranchCreditHistoryRequest.h in Headers */,
				7B7C4CE61E6633CA00A27265 /* Branch.h in Headers */,
				7B9654551E96E328009C3CEE /* RNBranchEventEmitter.h in Headers */,
				7B7C4D051E6633CA00A27265 /* BranchInstallRequest.h in Headers */,
				7B7C4CD71E6633CA00A27265 /* BNCPreferenceHelper.h in Headers */,
				7B7C4CFD1E6633CA00A27265 /* NSMutableDictionary+Branch.h in Headers */,
				7B1D33561E410DD200755B98 /* BranchLinkProperties+RNBranch.h in Headers */,
				7B22C6381F34D884001F4C18 /* BNCServerRequest.h in Headers */,
				7B7C4D0B1E6633CA00A27265 /* BranchOpenRequest.h in Headers */,
				7B22C63E1F34D884001F4C18 /* BranchInstallRequest.h in Headers */,
				7B22C63A1F34D884001F4C18 /* BranchCloseRequest.h in Headers */,
				7B7C4CFB1E6633CA00A27265 /* BranchViewHandler.h in Headers */,
				7B7C4CD31E6633CA00A27265 /* BNCLinkCache.h in Headers */,
				7B7C4D171E6633CA00A27265 /* BranchSpotlightUrlRequest.h in Headers */,
				7B3B27541E707CF5003ABDF4 /* RNBranchAgingDictionary.h in Headers */,
			);
			runOnlyForDeploymentPostprocessing = 0;
		};
/* End PBXHeadersBuildPhase section */

/* Begin PBXNativeTarget section */
		B3A3CC351C5B0A070016AC52 /* RNBranch */ = {
			isa = PBXNativeTarget;
			buildConfigurationList = B3A3CC3F1C5B0A070016AC52 /* Build configuration list for PBXNativeTarget "RNBranch" */;
			buildPhases = (
				7B3FCB251E20625C008E38E2 /* Headers */,
				7B3FCB321E206317008E38E2 /* Copy Headers */,
				7B7C4D221E6633F300A27265 /* Copy Branch SDK Headers */,
				B3A3CC321C5B0A070016AC52 /* Sources */,
				B3A3CC331C5B0A070016AC52 /* Frameworks */,
			);
			buildRules = (
			);
			dependencies = (
			);
			name = RNBranch;
			productName = RNBranch;
			productReference = B3A3CC361C5B0A070016AC52 /* libreact-native-branch.a */;
			productType = "com.apple.product-type.library.static";
		};
/* End PBXNativeTarget section */

/* Begin PBXProject section */
		B3A3CC2E1C5B0A070016AC52 /* Project object */ = {
			isa = PBXProject;
			attributes = {
				LastUpgradeCheck = 0830;
				ORGANIZATIONNAME = "Branch Metrics";
				TargetAttributes = {
					B3A3CC351C5B0A070016AC52 = {
						CreatedOnToolsVersion = 7.2;
					};
				};
			};
			buildConfigurationList = B3A3CC311C5B0A070016AC52 /* Build configuration list for PBXProject "RNBranch" */;
			compatibilityVersion = "Xcode 3.2";
			developmentRegion = English;
			hasScannedForEncodings = 0;
			knownRegions = (
				en,
			);
			mainGroup = B3A3CC2D1C5B0A070016AC52;
			projectDirPath = "";
			projectRoot = "";
			targets = (
				B3A3CC351C5B0A070016AC52 /* RNBranch */,
			);
		};
/* End PBXProject section */

/* Begin PBXSourcesBuildPhase section */
		B3A3CC321C5B0A070016AC52 /* Sources */ = {
			isa = PBXSourcesBuildPhase;
			buildActionMask = 2147483647;
			files = (
				7B7C4CCA1E6633CA00A27265 /* BNCContentDiscoveryManager.m in Sources */,
				7B1CBF311EE8B4C6002E5D0D /* RNBranchConfig.m in Sources */,
				7B7C4CFA1E6633CA00A27265 /* BranchView.m in Sources */,
				7B2322BD1E8DDC84009B3BF6 /* BranchShareLink.m in Sources */,
				7B7C4CCC1E6633CA00A27265 /* BNCDeviceInfo.m in Sources */,
				7B2322BB1E8DDC84009B3BF6 /* BNCLog.m in Sources */,
				7B7C4CF61E6633CA00A27265 /* BranchLinkProperties.m in Sources */,
				7B3B27551E707CF5003ABDF4 /* RNBranchAgingDictionary.m in Sources */,
				7B1D33571E410DD200755B98 /* BranchLinkProperties+RNBranch.m in Sources */,
				7B1D335D1E410DD300755B98 /* RNBranchProperty.m in Sources */,
				7B7C4CF31E6633CA00A27265 /* BranchCSSearchableItemAttributeSet.m in Sources */,
				7B7C4CF11E6633CA00A27265 /* BranchContentPathProperties.m in Sources */,
				7B7C4CCE1E6633CA00A27265 /* BNCEncodingUtils.m in Sources */,
				7B1D33591E410DD200755B98 /* BranchUniversalObject+RNBranch.m in Sources */,
				7B7C4CEB1E6633CA00A27265 /* BranchConstants.m in Sources */,
				7B7C4CD01E6633CA00A27265 /* BNCError.m in Sources */,
				7B7C4CD61E6633CA00A27265 /* BNCLinkData.m in Sources */,
				7B3B27511E707CD7003ABDF4 /* RNBranchAgingItem.m in Sources */,
				7BE575131E205B8600C936E2 /* RNBranch.m in Sources */,
				7B2322BF1E8DDC84009B3BF6 /* NSString+Branch.m in Sources */,
				7B7C4CE21E6633CA00A27265 /* BNCSystemObserver.m in Sources */,
				7B7C4CE91E6633CA00A27265 /* BranchActivityItemProvider.m in Sources */,
				7B7C4CE41E6633CA00A27265 /* BNCXcode7Support.m in Sources */,
				7B22C6371F34D884001F4C18 /* BNCDeepLinkViewControllerInstance.m in Sources */,
				7B7C4CD41E6633CA00A27265 /* BNCLinkCache.m in Sources */,
				7B2322B91E8DDC84009B3BF6 /* BNCDebug.m in Sources */,
				7B7C4CED1E6633CA00A27265 /* BranchContentDiscoverer.m in Sources */,
				7B7C4CFE1E6633CA00A27265 /* NSMutableDictionary+Branch.m in Sources */,
				7B7C4CFC1E6633CA00A27265 /* BranchViewHandler.m in Sources */,
				7B7C4CF81E6633CA00A27265 /* BranchUniversalObject.m in Sources */,
				7B1D335B1E410DD200755B98 /* NSObject+RNBranch.m in Sources */,
				7B7C4CE01E6633CA00A27265 /* BNCStrongMatchHelper.m in Sources */,
				7B7C4CC61E6633CA00A27265 /* BNCCommerceEvent.m in Sources */,
				7B7C4CD81E6633CA00A27265 /* BNCPreferenceHelper.m in Sources */,
				7B7C4CEF1E6633CA00A27265 /* BranchContentDiscoveryManifest.m in Sources */,
				7B9654561E96E328009C3CEE /* RNBranchEventEmitter.m in Sources */,
				7B7C4CE71E6633CA00A27265 /* Branch.m in Sources */,
				7B7C4CD21E6633CA00A27265 /* BNCFabricAnswers.m in Sources */,
				7B7C4CC81E6633CA00A27265 /* BNCConfig.m in Sources */,
				91F9D9FA6C73C02508907B89 /* BNCCrashlyticsWrapper.m in Sources */,
				C9BCFE353733AE76F9162556 /* BNCLocalization.m in Sources */,
				E6CDB7D7E2A24F72CBB42CB3 /* BNCNetworkService.m in Sources */,
				BC173C9781E89720B5D05D89 /* BNCServerInterface.m in Sources */,
				F305CF5BEE53234BA4C11EF3 /* BNCServerRequest.m in Sources */,
				C05D7F2DE028F27933A33584 /* BNCServerRequestQueue.m in Sources */,
				3EB9DCE29AE844786EC9E14C /* BNCServerResponse.m in Sources */,
				AE6C1480D6BB602292C148DF /* BranchCloseRequest.m in Sources */,
				E175531ADAFA32AE201ACD2C /* BranchCreditHistoryRequest.m in Sources */,
				A6ABDD207F847BF71E0E33B0 /* BranchInstallRequest.m in Sources */,
				2783CDF16BB4DB976EE8189E /* BranchLoadRewardsRequest.m in Sources */,
				2413489DE85D96934549474A /* BranchLogoutRequest.m in Sources */,
				F6A1C12D72026BA0A5AB55BD /* BranchOpenRequest.m in Sources */,
				EA72D8BEC5BE55DB0A22492E /* BranchRedeemRewardsRequest.m in Sources */,
				C39A555DCA8C23F87AFF29A3 /* BranchRegisterViewRequest.m in Sources */,
				22C34CB9F882D68A9FE1DA3C /* BranchSetIdentityRequest.m in Sources */,
				6C3CD29A1BD2418DBF70776B /* BranchShortUrlRequest.m in Sources */,
				840ED79EC034A32FC53B7A1C /* BranchShortUrlSyncRequest.m in Sources */,
				9FEDE4D3CB4EF27F5DB137D1 /* BranchSpotlightUrlRequest.m in Sources */,
				D52F9C1CCE3D5E57D587CCDC /* BranchUserCompletedActionRequest.m in Sources */,
			);
			runOnlyForDeploymentPostprocessing = 0;
		};
/* End PBXSourcesBuildPhase section */

/* Begin XCBuildConfiguration section */
		B3A3CC3D1C5B0A070016AC52 /* Debug */ = {
			isa = XCBuildConfiguration;
			buildSettings = {
				ALWAYS_SEARCH_USER_PATHS = NO;
				CLANG_CXX_LANGUAGE_STANDARD = "gnu++0x";
				CLANG_CXX_LIBRARY = "libc++";
				CLANG_ENABLE_MODULES = YES;
				CLANG_ENABLE_OBJC_ARC = YES;
				CLANG_WARN_BOOL_CONVERSION = YES;
				CLANG_WARN_CONSTANT_CONVERSION = YES;
				CLANG_WARN_DIRECT_OBJC_ISA_USAGE = YES_ERROR;
				CLANG_WARN_EMPTY_BODY = YES;
				CLANG_WARN_ENUM_CONVERSION = YES;
				CLANG_WARN_INFINITE_RECURSION = YES;
				CLANG_WARN_INT_CONVERSION = YES;
				CLANG_WARN_OBJC_ROOT_CLASS = YES_ERROR;
				CLANG_WARN_SUSPICIOUS_MOVE = YES;
				CLANG_WARN_UNREACHABLE_CODE = YES;
				CLANG_WARN__DUPLICATE_METHOD_MATCH = YES;
				"CODE_SIGN_IDENTITY[sdk=iphoneos*]" = "iPhone Developer";
				COPY_PHASE_STRIP = NO;
				DEBUG_INFORMATION_FORMAT = dwarf;
				ENABLE_STRICT_OBJC_MSGSEND = YES;
				ENABLE_TESTABILITY = YES;
				GCC_C_LANGUAGE_STANDARD = gnu99;
				GCC_DYNAMIC_NO_PIC = NO;
				GCC_NO_COMMON_BLOCKS = YES;
				GCC_OPTIMIZATION_LEVEL = 0;
				GCC_PREPROCESSOR_DEFINITIONS = (
					"DEBUG=1",
					"$(inherited)",
				);
				GCC_WARN_64_TO_32_BIT_CONVERSION = YES;
				GCC_WARN_ABOUT_RETURN_TYPE = YES_ERROR;
				GCC_WARN_UNDECLARED_SELECTOR = YES;
				GCC_WARN_UNINITIALIZED_AUTOS = YES_AGGRESSIVE;
				GCC_WARN_UNUSED_FUNCTION = YES;
				GCC_WARN_UNUSED_VARIABLE = YES;
				IPHONEOS_DEPLOYMENT_TARGET = 8.0;
				MTL_ENABLE_DEBUG_INFO = YES;
				ONLY_ACTIVE_ARCH = YES;
				SDKROOT = iphoneos;
				SKIP_INSTALL = YES;
			};
			name = Debug;
		};
		B3A3CC3E1C5B0A070016AC52 /* Release */ = {
			isa = XCBuildConfiguration;
			buildSettings = {
				ALWAYS_SEARCH_USER_PATHS = NO;
				CLANG_CXX_LANGUAGE_STANDARD = "gnu++0x";
				CLANG_CXX_LIBRARY = "libc++";
				CLANG_ENABLE_MODULES = YES;
				CLANG_ENABLE_OBJC_ARC = YES;
				CLANG_WARN_BOOL_CONVERSION = YES;
				CLANG_WARN_CONSTANT_CONVERSION = YES;
				CLANG_WARN_DIRECT_OBJC_ISA_USAGE = YES_ERROR;
				CLANG_WARN_EMPTY_BODY = YES;
				CLANG_WARN_ENUM_CONVERSION = YES;
				CLANG_WARN_INFINITE_RECURSION = YES;
				CLANG_WARN_INT_CONVERSION = YES;
				CLANG_WARN_OBJC_ROOT_CLASS = YES_ERROR;
				CLANG_WARN_SUSPICIOUS_MOVE = YES;
				CLANG_WARN_UNREACHABLE_CODE = YES;
				CLANG_WARN__DUPLICATE_METHOD_MATCH = YES;
				"CODE_SIGN_IDENTITY[sdk=iphoneos*]" = "iPhone Developer";
				COPY_PHASE_STRIP = YES;
				DEBUG_INFORMATION_FORMAT = "dwarf-with-dsym";
				ENABLE_NS_ASSERTIONS = NO;
				ENABLE_STRICT_OBJC_MSGSEND = YES;
				GCC_C_LANGUAGE_STANDARD = gnu99;
				GCC_NO_COMMON_BLOCKS = YES;
				GCC_WARN_64_TO_32_BIT_CONVERSION = YES;
				GCC_WARN_ABOUT_RETURN_TYPE = YES_ERROR;
				GCC_WARN_UNDECLARED_SELECTOR = YES;
				GCC_WARN_UNINITIALIZED_AUTOS = YES_AGGRESSIVE;
				GCC_WARN_UNUSED_FUNCTION = YES;
				GCC_WARN_UNUSED_VARIABLE = YES;
				IPHONEOS_DEPLOYMENT_TARGET = 8.0;
				MTL_ENABLE_DEBUG_INFO = NO;
				SDKROOT = iphoneos;
				SKIP_INSTALL = YES;
				VALIDATE_PRODUCT = YES;
			};
			name = Release;
		};
		B3A3CC401C5B0A070016AC52 /* Debug */ = {
			isa = XCBuildConfiguration;
			buildSettings = {
				OTHER_LDFLAGS = "-ObjC";
				PRODUCT_NAME = "react-native-branch";
				PUBLIC_HEADERS_FOLDER_PATH = "/usr/local/include/$(PRODUCT_NAME)";
			};
			name = Debug;
		};
		B3A3CC411C5B0A070016AC52 /* Release */ = {
			isa = XCBuildConfiguration;
			buildSettings = {
				OTHER_LDFLAGS = "-ObjC";
				PRODUCT_NAME = "react-native-branch";
				PUBLIC_HEADERS_FOLDER_PATH = "/usr/local/include/$(PRODUCT_NAME)";
			};
			name = Release;
		};
/* End XCBuildConfiguration section */

/* Begin XCConfigurationList section */
		B3A3CC311C5B0A070016AC52 /* Build configuration list for PBXProject "RNBranch" */ = {
			isa = XCConfigurationList;
			buildConfigurations = (
				B3A3CC3D1C5B0A070016AC52 /* Debug */,
				B3A3CC3E1C5B0A070016AC52 /* Release */,
			);
			defaultConfigurationIsVisible = 0;
			defaultConfigurationName = Release;
		};
		B3A3CC3F1C5B0A070016AC52 /* Build configuration list for PBXNativeTarget "RNBranch" */ = {
			isa = XCConfigurationList;
			buildConfigurations = (
				B3A3CC401C5B0A070016AC52 /* Debug */,
				B3A3CC411C5B0A070016AC52 /* Release */,
			);
			defaultConfigurationIsVisible = 0;
			defaultConfigurationName = Release;
		};
/* End XCConfigurationList section */
	};
	rootObject = B3A3CC2E1C5B0A070016AC52 /* Project object */;
}
