PODS:
  - boost-for-react-native (1.63.0)
  - Branch (0.26.0):
    - Branch/Core (= 0.26.0)
  - Branch/Core (0.26.0)
  - Cartography (3.1.0)
  - DoubleConversion (1.1.5)
  - Folly (2018.10.22.00):
    - boost-for-react-native
    - DoubleConversion
    - glog
  - glog (0.3.4)
  - React (0.59.3):
    - React/Core (= 0.59.3)
  - react-native-branch (3.0.0-beta.4):
    - Branch (~> 0.26.0)
    - React
  - React/Core (0.59.3):
    - yoga (= 0.59.3.React)
  - React/CxxBridge (0.59.3):
    - Folly (= 2018.10.22.00)
    - React/Core
    - React/cxxreact
    - React/jsiexecutor
  - React/cxxreact (0.59.3):
    - boost-for-react-native (= 1.63.0)
    - DoubleConversion
    - Folly (= 2018.10.22.00)
    - glog
    - React/jsinspector
  - React/DevSupport (0.59.3):
    - React/Core
    - React/RCTWebSocket
  - React/fishhook (0.59.3)
  - React/jsi (0.59.3):
    - DoubleConversion
    - Folly (= 2018.10.22.00)
    - glog
  - React/jsiexecutor (0.59.3):
    - DoubleConversion
    - Folly (= 2018.10.22.00)
    - glog
    - React/cxxreact
    - React/jsi
  - React/jsinspector (0.59.3)
  - React/RCTAnimation (0.59.3):
    - React/Core
  - React/RCTBlob (0.59.3):
    - React/Core
  - React/RCTImage (0.59.3):
    - React/Core
    - React/RCTNetwork
  - React/RCTNetwork (0.59.3):
    - React/Core
  - React/RCTText (0.59.3):
    - React/Core
  - React/RCTWebSocket (0.59.3):
    - React/Core
    - React/fishhook
    - React/RCTBlob
  - yoga (0.59.3.React)

DEPENDENCIES:
  - Cartography
  - Folly (from `node_modules/react-native/third-party-podspecs/Folly.podspec`)
  - react-native-branch (from `node_modules/react-native-branch`)
  - React/Core (from `node_modules/react-native`)
  - React/CxxBridge (from `node_modules/react-native`)
  - React/DevSupport (from `node_modules/react-native`)
  - React/RCTAnimation (from `node_modules/react-native`)
  - React/RCTImage (from `node_modules/react-native`)
  - React/RCTNetwork (from `node_modules/react-native`)
  - React/RCTText (from `node_modules/react-native`)
  - React/RCTWebSocket (from `node_modules/react-native`)
  - yoga (from `node_modules/react-native/ReactCommon/yoga`)

SPEC REPOS:
  https://github.com/cocoapods/specs.git:
    - boost-for-react-native
    - Branch
    - Cartography
    - DoubleConversion
    - glog

EXTERNAL SOURCES:
  Folly:
    :podspec: node_modules/react-native/third-party-podspecs/Folly.podspec
  React:
    :path: node_modules/react-native
  react-native-branch:
    :path: node_modules/react-native-branch
  yoga:
    :path: node_modules/react-native/ReactCommon/yoga

SPEC CHECKSUMS:
  boost-for-react-native: 39c7adb57c4e60d6c5479dd8623128eb5b3f0f2c
  Branch: 5bf1e0d3f57bfce0b7029c960118641695b294ee
  Cartography: 1988b7578871a56c036e7af17195cb2190edf18c
  DoubleConversion: e22e0762848812a87afd67ffda3998d9ef29170c
  Folly: de497beb10f102453a1afa9edbf8cf8a251890de
  glog: 1de0bb937dccdc981596d3b5825ebfb765017ded
  React: b52fdb80565505b7e4592b313a38868f5df51641
  react-native-branch: cf5d57a4e638af90af25fb4d593fbe24c9c4cc07
  yoga: 1a492113f66a35e9e583bb0434f4b8cc668dd839

PODFILE CHECKSUM: a1ec943fa38753a5fc677d0c54a2ba1f4ed1b1ee

COCOAPODS: 1.6.1
